// !$*UTF8*$!
{
	archiveVersion = 1;
	classes = {
	};
	objectVersion = 52;
	objects = {

/* Begin PBXBuildFile section */
		B104E15C24D81E7900499213 /* StretchyHeaderViewFlowLayout.swift in Sources */ = {isa = PBXBuildFile; fileRef = B104E15B24D81E7900499213 /* StretchyHeaderViewFlowLayout.swift */; };
		B147E8DC24D6BC2600B83617 /* HeaderCollectionReusableView.swift in Sources */ = {isa = PBXBuildFile; fileRef = B147E8DA24D6BC2600B83617 /* HeaderCollectionReusableView.swift */; };
		B147E8DD24D6BC2600B83617 /* HeaderCollectionReusableView.xib in Resources */ = {isa = PBXBuildFile; fileRef = B147E8DB24D6BC2600B83617 /* HeaderCollectionReusableView.xib */; };
		B147E8E624D6CDB500B83617 /* RolesCollectionViewCell.swift in Sources */ = {isa = PBXBuildFile; fileRef = B147E8E424D6CDB500B83617 /* RolesCollectionViewCell.swift */; };
		B147E8E724D6CDB500B83617 /* RolesCollectionViewCell.xib in Resources */ = {isa = PBXBuildFile; fileRef = B147E8E524D6CDB500B83617 /* RolesCollectionViewCell.xib */; };
		B15457D524D5AC180047214B /* ViewModel.swift in Sources */ = {isa = PBXBuildFile; fileRef = B15457D424D5AC180047214B /* ViewModel.swift */; };
		B15457DA24D5B6450047214B /* HeroesResponse.swift in Sources */ = {isa = PBXBuildFile; fileRef = B15457D924D5B6450047214B /* HeroesResponse.swift */; };
		B15457DF24D5BF480047214B /* HeroCollectionViewCell.swift in Sources */ = {isa = PBXBuildFile; fileRef = B15457DD24D5BF480047214B /* HeroCollectionViewCell.swift */; };
		B15457E024D5BF480047214B /* HeroCollectionViewCell.xib in Resources */ = {isa = PBXBuildFile; fileRef = B15457DE24D5BF480047214B /* HeroCollectionViewCell.xib */; };
		B15457E224D5C4120047214B /* Box.swift in Sources */ = {isa = PBXBuildFile; fileRef = B15457E124D5C4120047214B /* Box.swift */; };
		B17FFB7324D461870028EC3C /* AppDelegate.swift in Sources */ = {isa = PBXBuildFile; fileRef = B17FFB7224D461870028EC3C /* AppDelegate.swift */; };
		B17FFB7524D461870028EC3C /* SceneDelegate.swift in Sources */ = {isa = PBXBuildFile; fileRef = B17FFB7424D461870028EC3C /* SceneDelegate.swift */; };
		B17FFB7724D461870028EC3C /* ViewController.swift in Sources */ = {isa = PBXBuildFile; fileRef = B17FFB7624D461870028EC3C /* ViewController.swift */; };
		B17FFB7A24D461870028EC3C /* Main.storyboard in Resources */ = {isa = PBXBuildFile; fileRef = B17FFB7824D461870028EC3C /* Main.storyboard */; };
		B17FFB7D24D461870028EC3C /* Dota_Heroes.xcdatamodeld in Sources */ = {isa = PBXBuildFile; fileRef = B17FFB7B24D461870028EC3C /* Dota_Heroes.xcdatamodeld */; };
		B17FFB7F24D461890028EC3C /* Assets.xcassets in Resources */ = {isa = PBXBuildFile; fileRef = B17FFB7E24D461890028EC3C /* Assets.xcassets */; };
		B17FFB8224D461890028EC3C /* LaunchScreen.storyboard in Resources */ = {isa = PBXBuildFile; fileRef = B17FFB8024D461890028EC3C /* LaunchScreen.storyboard */; };
		B17FFB8D24D461890028EC3C /* Dota_HeroesTests.swift in Sources */ = {isa = PBXBuildFile; fileRef = B17FFB8C24D461890028EC3C /* Dota_HeroesTests.swift */; };
		B17FFB9D24D46EB50028EC3C /* Reachability in Frameworks */ = {isa = PBXBuildFile; productRef = B17FFB9C24D46EB50028EC3C /* Reachability */; };
		B17FFBA024D46F570028EC3C /* Networking.swift in Sources */ = {isa = PBXBuildFile; fileRef = B17FFB9F24D46F570028EC3C /* Networking.swift */; };
		B17FFBA224D470110028EC3C /* APIConstant.swift in Sources */ = {isa = PBXBuildFile; fileRef = B17FFBA124D470110028EC3C /* APIConstant.swift */; };
		B17FFBA424D470D80028EC3C /* example_contract.json in Resources */ = {isa = PBXBuildFile; fileRef = B17FFBA324D470D80028EC3C /* example_contract.json */; };
		B1C7342E24D6035F0043ECE8 /* Kingfisher in Frameworks */ = {isa = PBXBuildFile; productRef = B1C7342D24D6035F0043ECE8 /* Kingfisher */; };
		B1C7343024D60D2E0043ECE8 /* ExtensionArray.swift in Sources */ = {isa = PBXBuildFile; fileRef = B1C7342F24D60D2E0043ECE8 /* ExtensionArray.swift */; };
		B1FEBD3924D9532100ACD47A /* FilterRoleCollectionViewCell.swift in Sources */ = {isa = PBXBuildFile; fileRef = B1FEBD3724D9532000ACD47A /* FilterRoleCollectionViewCell.swift */; };
		B1FEBD3A24D9532100ACD47A /* FilterRoleCollectionViewCell.xib in Resources */ = {isa = PBXBuildFile; fileRef = B1FEBD3824D9532000ACD47A /* FilterRoleCollectionViewCell.xib */; };
		B1FEBD3C24D95C2E00ACD47A /* DialogTransitioningDelegate.swift in Sources */ = {isa = PBXBuildFile; fileRef = B1FEBD3B24D95C2E00ACD47A /* DialogTransitioningDelegate.swift */; };
		B1FEBD4524D986DC00ACD47A /* InformationDialog.swift in Sources */ = {isa = PBXBuildFile; fileRef = B1FEBD4324D986DC00ACD47A /* InformationDialog.swift */; };
		B1FEBD4624D986DC00ACD47A /* InformationDialog.xib in Resources */ = {isa = PBXBuildFile; fileRef = B1FEBD4424D986DC00ACD47A /* InformationDialog.xib */; };
		B1FEBD4824D9975F00ACD47A /* Coordinator.swift in Sources */ = {isa = PBXBuildFile; fileRef = B1FEBD4724D9975F00ACD47A /* Coordinator.swift */; };
		B1FEBD4D24D9985F00ACD47A /* Storyboarded.swift in Sources */ = {isa = PBXBuildFile; fileRef = B1FEBD4C24D9985F00ACD47A /* Storyboarded.swift */; };
		B1FEBD4F24D999AF00ACD47A /* MainCoordinator.swift in Sources */ = {isa = PBXBuildFile; fileRef = B1FEBD4E24D999AF00ACD47A /* MainCoordinator.swift */; };
		B1FEBD5124D99BD700ACD47A /* DetailsViewController.swift in Sources */ = {isa = PBXBuildFile; fileRef = B1FEBD5024D99BD700ACD47A /* DetailsViewController.swift */; };
		B1FEBD5724D9A28100ACD47A /* ListHeroesCollectionViewCell.swift in Sources */ = {isa = PBXBuildFile; fileRef = B1FEBD5524D9A28100ACD47A /* ListHeroesCollectionViewCell.swift */; };
		B1FEBD5824D9A28100ACD47A /* ListHeroesCollectionViewCell.xib in Resources */ = {isa = PBXBuildFile; fileRef = B1FEBD5624D9A28100ACD47A /* ListHeroesCollectionViewCell.xib */; };
/* End PBXBuildFile section */

/* Begin PBXContainerItemProxy section */
		B17FFB8924D461890028EC3C /* PBXContainerItemProxy */ = {
			isa = PBXContainerItemProxy;
			containerPortal = B17FFB6724D461870028EC3C /* Project object */;
			proxyType = 1;
			remoteGlobalIDString = B17FFB6E24D461870028EC3C;
			remoteInfo = "Dota Heroes";
		};
/* End PBXContainerItemProxy section */

/* Begin PBXFileReference section */
		B104E15B24D81E7900499213 /* StretchyHeaderViewFlowLayout.swift */ = {isa = PBXFileReference; lastKnownFileType = sourcecode.swift; path = StretchyHeaderViewFlowLayout.swift; sourceTree = "<group>"; };
		B147E8DA24D6BC2600B83617 /* HeaderCollectionReusableView.swift */ = {isa = PBXFileReference; lastKnownFileType = sourcecode.swift; path = HeaderCollectionReusableView.swift; sourceTree = "<group>"; };
		B147E8DB24D6BC2600B83617 /* HeaderCollectionReusableView.xib */ = {isa = PBXFileReference; lastKnownFileType = file.xib; path = HeaderCollectionReusableView.xib; sourceTree = "<group>"; };
		B147E8E424D6CDB500B83617 /* RolesCollectionViewCell.swift */ = {isa = PBXFileReference; lastKnownFileType = sourcecode.swift; path = RolesCollectionViewCell.swift; sourceTree = "<group>"; };
		B147E8E524D6CDB500B83617 /* RolesCollectionViewCell.xib */ = {isa = PBXFileReference; lastKnownFileType = file.xib; path = RolesCollectionViewCell.xib; sourceTree = "<group>"; };
		B15457D424D5AC180047214B /* ViewModel.swift */ = {isa = PBXFileReference; lastKnownFileType = sourcecode.swift; path = ViewModel.swift; sourceTree = "<group>"; };
		B15457D924D5B6450047214B /* HeroesResponse.swift */ = {isa = PBXFileReference; lastKnownFileType = sourcecode.swift; path = HeroesResponse.swift; sourceTree = "<group>"; };
		B15457DD24D5BF480047214B /* HeroCollectionViewCell.swift */ = {isa = PBXFileReference; lastKnownFileType = sourcecode.swift; path = HeroCollectionViewCell.swift; sourceTree = "<group>"; };
		B15457DE24D5BF480047214B /* HeroCollectionViewCell.xib */ = {isa = PBXFileReference; lastKnownFileType = file.xib; path = HeroCollectionViewCell.xib; sourceTree = "<group>"; };
		B15457E124D5C4120047214B /* Box.swift */ = {isa = PBXFileReference; lastKnownFileType = sourcecode.swift; path = Box.swift; sourceTree = "<group>"; };
		B17FFB6F24D461870028EC3C /* Dota Heroes.app */ = {isa = PBXFileReference; explicitFileType = wrapper.application; includeInIndex = 0; path = "Dota Heroes.app"; sourceTree = BUILT_PRODUCTS_DIR; };
		B17FFB7224D461870028EC3C /* AppDelegate.swift */ = {isa = PBXFileReference; lastKnownFileType = sourcecode.swift; path = AppDelegate.swift; sourceTree = "<group>"; };
		B17FFB7424D461870028EC3C /* SceneDelegate.swift */ = {isa = PBXFileReference; lastKnownFileType = sourcecode.swift; path = SceneDelegate.swift; sourceTree = "<group>"; };
		B17FFB7624D461870028EC3C /* ViewController.swift */ = {isa = PBXFileReference; lastKnownFileType = sourcecode.swift; path = ViewController.swift; sourceTree = "<group>"; };
		B17FFB7924D461870028EC3C /* Base */ = {isa = PBXFileReference; lastKnownFileType = file.storyboard; name = Base; path = Base.lproj/Main.storyboard; sourceTree = "<group>"; };
		B17FFB7C24D461870028EC3C /* Dota_Heroes.xcdatamodel */ = {isa = PBXFileReference; lastKnownFileType = wrapper.xcdatamodel; path = Dota_Heroes.xcdatamodel; sourceTree = "<group>"; };
		B17FFB7E24D461890028EC3C /* Assets.xcassets */ = {isa = PBXFileReference; lastKnownFileType = folder.assetcatalog; path = Assets.xcassets; sourceTree = "<group>"; };
		B17FFB8124D461890028EC3C /* Base */ = {isa = PBXFileReference; lastKnownFileType = file.storyboard; name = Base; path = Base.lproj/LaunchScreen.storyboard; sourceTree = "<group>"; };
		B17FFB8324D461890028EC3C /* Info.plist */ = {isa = PBXFileReference; lastKnownFileType = text.plist.xml; path = Info.plist; sourceTree = "<group>"; };
		B17FFB8824D461890028EC3C /* Dota HeroesTests.xctest */ = {isa = PBXFileReference; explicitFileType = wrapper.cfbundle; includeInIndex = 0; path = "Dota HeroesTests.xctest"; sourceTree = BUILT_PRODUCTS_DIR; };
		B17FFB8C24D461890028EC3C /* Dota_HeroesTests.swift */ = {isa = PBXFileReference; lastKnownFileType = sourcecode.swift; path = Dota_HeroesTests.swift; sourceTree = "<group>"; };
		B17FFB8E24D461890028EC3C /* Info.plist */ = {isa = PBXFileReference; lastKnownFileType = text.plist.xml; path = Info.plist; sourceTree = "<group>"; };
		B17FFB9F24D46F570028EC3C /* Networking.swift */ = {isa = PBXFileReference; lastKnownFileType = sourcecode.swift; path = Networking.swift; sourceTree = "<group>"; };
		B17FFBA124D470110028EC3C /* APIConstant.swift */ = {isa = PBXFileReference; lastKnownFileType = sourcecode.swift; path = APIConstant.swift; sourceTree = "<group>"; };
		B17FFBA324D470D80028EC3C /* example_contract.json */ = {isa = PBXFileReference; fileEncoding = 4; lastKnownFileType = text.json; path = example_contract.json; sourceTree = "<group>"; };
		B1C7342F24D60D2E0043ECE8 /* ExtensionArray.swift */ = {isa = PBXFileReference; lastKnownFileType = sourcecode.swift; path = ExtensionArray.swift; sourceTree = "<group>"; };
		B1FEBD3724D9532000ACD47A /* FilterRoleCollectionViewCell.swift */ = {isa = PBXFileReference; lastKnownFileType = sourcecode.swift; path = FilterRoleCollectionViewCell.swift; sourceTree = "<group>"; };
		B1FEBD3824D9532000ACD47A /* FilterRoleCollectionViewCell.xib */ = {isa = PBXFileReference; lastKnownFileType = file.xib; path = FilterRoleCollectionViewCell.xib; sourceTree = "<group>"; };
		B1FEBD3B24D95C2E00ACD47A /* DialogTransitioningDelegate.swift */ = {isa = PBXFileReference; lastKnownFileType = sourcecode.swift; path = DialogTransitioningDelegate.swift; sourceTree = "<group>"; };
		B1FEBD4324D986DC00ACD47A /* InformationDialog.swift */ = {isa = PBXFileReference; fileEncoding = 4; lastKnownFileType = sourcecode.swift; path = InformationDialog.swift; sourceTree = "<group>"; };
		B1FEBD4424D986DC00ACD47A /* InformationDialog.xib */ = {isa = PBXFileReference; fileEncoding = 4; lastKnownFileType = file.xib; path = InformationDialog.xib; sourceTree = "<group>"; };
		B1FEBD4724D9975F00ACD47A /* Coordinator.swift */ = {isa = PBXFileReference; lastKnownFileType = sourcecode.swift; path = Coordinator.swift; sourceTree = "<group>"; };
		B1FEBD4C24D9985F00ACD47A /* Storyboarded.swift */ = {isa = PBXFileReference; lastKnownFileType = sourcecode.swift; path = Storyboarded.swift; sourceTree = "<group>"; };
		B1FEBD4E24D999AF00ACD47A /* MainCoordinator.swift */ = {isa = PBXFileReference; lastKnownFileType = sourcecode.swift; path = MainCoordinator.swift; sourceTree = "<group>"; };
		B1FEBD5024D99BD700ACD47A /* DetailsViewController.swift */ = {isa = PBXFileReference; lastKnownFileType = sourcecode.swift; path = DetailsViewController.swift; sourceTree = "<group>"; };
		B1FEBD5524D9A28100ACD47A /* ListHeroesCollectionViewCell.swift */ = {isa = PBXFileReference; lastKnownFileType = sourcecode.swift; path = ListHeroesCollectionViewCell.swift; sourceTree = "<group>"; };
		B1FEBD5624D9A28100ACD47A /* ListHeroesCollectionViewCell.xib */ = {isa = PBXFileReference; lastKnownFileType = file.xib; path = ListHeroesCollectionViewCell.xib; sourceTree = "<group>"; };
/* End PBXFileReference section */

/* Begin PBXFrameworksBuildPhase section */
		B17FFB6C24D461870028EC3C /* Frameworks */ = {
			isa = PBXFrameworksBuildPhase;
			buildActionMask = 2147483647;
			files = (
				B1C7342E24D6035F0043ECE8 /* Kingfisher in Frameworks */,
				B17FFB9D24D46EB50028EC3C /* Reachability in Frameworks */,
			);
			runOnlyForDeploymentPostprocessing = 0;
		};
		B17FFB8524D461890028EC3C /* Frameworks */ = {
			isa = PBXFrameworksBuildPhase;
			buildActionMask = 2147483647;
			files = (
			);
			runOnlyForDeploymentPostprocessing = 0;
		};
/* End PBXFrameworksBuildPhase section */

/* Begin PBXGroup section */
		B147E8DE24D6BC2D00B83617 /* Content */ = {
			isa = PBXGroup;
			children = (
				B1FEBD5924D9A83200ACD47A /* Hero */,
				B1FEBD5A24D9A83900ACD47A /* Filter */,
			);
			path = Content;
			sourceTree = "<group>";
		};
		B147E8DF24D6BC3400B83617 /* Header */ = {
			isa = PBXGroup;
			children = (
				B147E8DA24D6BC2600B83617 /* HeaderCollectionReusableView.swift */,
				B147E8DB24D6BC2600B83617 /* HeaderCollectionReusableView.xib */,
			);
			path = Header;
			sourceTree = "<group>";
		};
		B15457D624D5B5F60047214B /* Models */ = {
			isa = PBXGroup;
			children = (
				B15457D924D5B6450047214B /* HeroesResponse.swift */,
			);
			path = Models;
			sourceTree = "<group>";
		};
		B15457DB24D5BE4D0047214B /* Main */ = {
			isa = PBXGroup;
			children = (
				B1FEBD4E24D999AF00ACD47A /* MainCoordinator.swift */,
				B15457DC24D5BF2C0047214B /* Cell */,
				B17FFB7624D461870028EC3C /* ViewController.swift */,
				B15457D424D5AC180047214B /* ViewModel.swift */,
			);
			path = Main;
			sourceTree = "<group>";
		};
		B15457DC24D5BF2C0047214B /* Cell */ = {
			isa = PBXGroup;
			children = (
				B147E8DE24D6BC2D00B83617 /* Content */,
				B147E8DF24D6BC3400B83617 /* Header */,
			);
			path = Cell;
			sourceTree = "<group>";
		};
		B17FFB6624D461870028EC3C = {
			isa = PBXGroup;
			children = (
				B17FFB7124D461870028EC3C /* Dota Heroes */,
				B17FFB8B24D461890028EC3C /* Dota HeroesTests */,
				B17FFB7024D461870028EC3C /* Products */,
			);
			sourceTree = "<group>";
		};
		B17FFB7024D461870028EC3C /* Products */ = {
			isa = PBXGroup;
			children = (
				B17FFB6F24D461870028EC3C /* Dota Heroes.app */,
				B17FFB8824D461890028EC3C /* Dota HeroesTests.xctest */,
			);
			name = Products;
			sourceTree = "<group>";
		};
		B17FFB7124D461870028EC3C /* Dota Heroes */ = {
			isa = PBXGroup;
			children = (
				B15457D624D5B5F60047214B /* Models */,
				B17FFB9E24D46F470028EC3C /* Networking */,
				B17FFB9A24D46ACF0028EC3C /* Helpers */,
				B17FFB9924D46AB80028EC3C /* Modules */,
				B17FFB9824D46A710028EC3C /* Resources */,
				B17FFB9724D46A5C0028EC3C /* Supporting Files */,
				B17FFB7224D461870028EC3C /* AppDelegate.swift */,
				B17FFB7424D461870028EC3C /* SceneDelegate.swift */,
			);
			path = "Dota Heroes";
			sourceTree = "<group>";
		};
		B17FFB8B24D461890028EC3C /* Dota HeroesTests */ = {
			isa = PBXGroup;
			children = (
				B17FFB8C24D461890028EC3C /* Dota_HeroesTests.swift */,
				B17FFB8E24D461890028EC3C /* Info.plist */,
			);
			path = "Dota HeroesTests";
			sourceTree = "<group>";
		};
		B17FFB9724D46A5C0028EC3C /* Supporting Files */ = {
			isa = PBXGroup;
			children = (
				B17FFB8324D461890028EC3C /* Info.plist */,
			);
			path = "Supporting Files";
			sourceTree = "<group>";
		};
		B17FFB9824D46A710028EC3C /* Resources */ = {
			isa = PBXGroup;
			children = (
				B17FFBA324D470D80028EC3C /* example_contract.json */,
				B17FFB7824D461870028EC3C /* Main.storyboard */,
				B17FFB7E24D461890028EC3C /* Assets.xcassets */,
				B17FFB8024D461890028EC3C /* LaunchScreen.storyboard */,
			);
			path = Resources;
			sourceTree = "<group>";
		};
		B17FFB9924D46AB80028EC3C /* Modules */ = {
			isa = PBXGroup;
			children = (
				B15457DB24D5BE4D0047214B /* Main */,
				B1FEBD5224D99BF200ACD47A /* Details */,
			);
			path = Modules;
			sourceTree = "<group>";
		};
		B17FFB9A24D46ACF0028EC3C /* Helpers */ = {
			isa = PBXGroup;
			children = (
				B17FFB7B24D461870028EC3C /* Dota_Heroes.xcdatamodeld */,
				B1FEBD4924D9976B00ACD47A /* Extension */,
				B1FEBD4A24D9978400ACD47A /* UI */,
				B1C7343124D60D350043ECE8 /* Utilities */,
				B1FEBD4B24D9979000ACD47A /* Coordinators */,
			);
			path = Helpers;
			sourceTree = "<group>";
		};
		B17FFB9E24D46F470028EC3C /* Networking */ = {
			isa = PBXGroup;
			children = (
				B17FFB9F24D46F570028EC3C /* Networking.swift */,
				B17FFBA124D470110028EC3C /* APIConstant.swift */,
			);
			path = Networking;
			sourceTree = "<group>";
		};
		B1C7343124D60D350043ECE8 /* Utilities */ = {
			isa = PBXGroup;
			children = (
				B15457E124D5C4120047214B /* Box.swift */,
			);
			path = Utilities;
			sourceTree = "<group>";
		};
		B1FEBD4924D9976B00ACD47A /* Extension */ = {
			isa = PBXGroup;
			children = (
				B1C7342F24D60D2E0043ECE8 /* ExtensionArray.swift */,
			);
			path = Extension;
			sourceTree = "<group>";
		};
		B1FEBD4A24D9978400ACD47A /* UI */ = {
			isa = PBXGroup;
			children = (
				B104E15B24D81E7900499213 /* StretchyHeaderViewFlowLayout.swift */,
				B1FEBD3B24D95C2E00ACD47A /* DialogTransitioningDelegate.swift */,
				B1FEBD4324D986DC00ACD47A /* InformationDialog.swift */,
				B1FEBD4424D986DC00ACD47A /* InformationDialog.xib */,
			);
			path = UI;
			sourceTree = "<group>";
		};
		B1FEBD4B24D9979000ACD47A /* Coordinators */ = {
			isa = PBXGroup;
			children = (
				B1FEBD4724D9975F00ACD47A /* Coordinator.swift */,
				B1FEBD4C24D9985F00ACD47A /* Storyboarded.swift */,
			);
			path = Coordinators;
			sourceTree = "<group>";
		};
		B1FEBD5224D99BF200ACD47A /* Details */ = {
			isa = PBXGroup;
			children = (
				B1FEBD5024D99BD700ACD47A /* DetailsViewController.swift */,
			);
			path = Details;
			sourceTree = "<group>";
		};
		B1FEBD5924D9A83200ACD47A /* Hero */ = {
			isa = PBXGroup;
			children = (
				B1FEBD5524D9A28100ACD47A /* ListHeroesCollectionViewCell.swift */,
				B1FEBD5624D9A28100ACD47A /* ListHeroesCollectionViewCell.xib */,
				B15457DD24D5BF480047214B /* HeroCollectionViewCell.swift */,
				B15457DE24D5BF480047214B /* HeroCollectionViewCell.xib */,
			);
			path = Hero;
			sourceTree = "<group>";
		};
		B1FEBD5A24D9A83900ACD47A /* Filter */ = {
			isa = PBXGroup;
			children = (
				B1FEBD3724D9532000ACD47A /* FilterRoleCollectionViewCell.swift */,
				B1FEBD3824D9532000ACD47A /* FilterRoleCollectionViewCell.xib */,
				B147E8E424D6CDB500B83617 /* RolesCollectionViewCell.swift */,
				B147E8E524D6CDB500B83617 /* RolesCollectionViewCell.xib */,
			);
			path = Filter;
			sourceTree = "<group>";
		};
/* End PBXGroup section */

/* Begin PBXNativeTarget section */
		B17FFB6E24D461870028EC3C /* Dota Heroes */ = {
			isa = PBXNativeTarget;
			buildConfigurationList = B17FFB9124D461890028EC3C /* Build configuration list for PBXNativeTarget "Dota Heroes" */;
			buildPhases = (
				B17FFB6B24D461870028EC3C /* Sources */,
				B17FFB6C24D461870028EC3C /* Frameworks */,
				B17FFB6D24D461870028EC3C /* Resources */,
			);
			buildRules = (
			);
			dependencies = (
			);
			name = "Dota Heroes";
			packageProductDependencies = (
				B17FFB9C24D46EB50028EC3C /* Reachability */,
				B1C7342D24D6035F0043ECE8 /* Kingfisher */,
			);
			productName = "Dota Heroes";
			productReference = B17FFB6F24D461870028EC3C /* Dota Heroes.app */;
			productType = "com.apple.product-type.application";
		};
		B17FFB8724D461890028EC3C /* Dota HeroesTests */ = {
			isa = PBXNativeTarget;
			buildConfigurationList = B17FFB9424D461890028EC3C /* Build configuration list for PBXNativeTarget "Dota HeroesTests" */;
			buildPhases = (
				B17FFB8424D461890028EC3C /* Sources */,
				B17FFB8524D461890028EC3C /* Frameworks */,
				B17FFB8624D461890028EC3C /* Resources */,
			);
			buildRules = (
			);
			dependencies = (
				B17FFB8A24D461890028EC3C /* PBXTargetDependency */,
			);
			name = "Dota HeroesTests";
			productName = "Dota HeroesTests";
			productReference = B17FFB8824D461890028EC3C /* Dota HeroesTests.xctest */;
			productType = "com.apple.product-type.bundle.unit-test";
		};
/* End PBXNativeTarget section */

/* Begin PBXProject section */
		B17FFB6724D461870028EC3C /* Project object */ = {
			isa = PBXProject;
			attributes = {
				LastSwiftUpdateCheck = 1160;
				LastUpgradeCheck = 1160;
				ORGANIZATIONNAME = Tiket.com;
				TargetAttributes = {
					B17FFB6E24D461870028EC3C = {
						CreatedOnToolsVersion = 11.6;
					};
					B17FFB8724D461890028EC3C = {
						CreatedOnToolsVersion = 11.6;
						TestTargetID = B17FFB6E24D461870028EC3C;
					};
				};
			};
			buildConfigurationList = B17FFB6A24D461870028EC3C /* Build configuration list for PBXProject "Dota Heroes" */;
			compatibilityVersion = "Xcode 9.3";
			developmentRegion = en;
			hasScannedForEncodings = 0;
			knownRegions = (
				en,
				Base,
			);
			mainGroup = B17FFB6624D461870028EC3C;
			packageReferences = (
				B17FFB9B24D46EB50028EC3C /* XCRemoteSwiftPackageReference "Reachability" */,
				B1C7342C24D6035F0043ECE8 /* XCRemoteSwiftPackageReference "Kingfisher" */,
			);
			productRefGroup = B17FFB7024D461870028EC3C /* Products */;
			projectDirPath = "";
			projectRoot = "";
			targets = (
				B17FFB6E24D461870028EC3C /* Dota Heroes */,
				B17FFB8724D461890028EC3C /* Dota HeroesTests */,
			);
		};
/* End PBXProject section */

/* Begin PBXResourcesBuildPhase section */
		B17FFB6D24D461870028EC3C /* Resources */ = {
			isa = PBXResourcesBuildPhase;
			buildActionMask = 2147483647;
			files = (
				B1FEBD3A24D9532100ACD47A /* FilterRoleCollectionViewCell.xib in Resources */,
				B1FEBD4624D986DC00ACD47A /* InformationDialog.xib in Resources */,
				B17FFB8224D461890028EC3C /* LaunchScreen.storyboard in Resources */,
				B17FFBA424D470D80028EC3C /* example_contract.json in Resources */,
				B1FEBD5824D9A28100ACD47A /* ListHeroesCollectionViewCell.xib in Resources */,
				B147E8E724D6CDB500B83617 /* RolesCollectionViewCell.xib in Resources */,
				B147E8DD24D6BC2600B83617 /* HeaderCollectionReusableView.xib in Resources */,
				B17FFB7F24D461890028EC3C /* Assets.xcassets in Resources */,
				B15457E024D5BF480047214B /* HeroCollectionViewCell.xib in Resources */,
				B17FFB7A24D461870028EC3C /* Main.storyboard in Resources */,
			);
			runOnlyForDeploymentPostprocessing = 0;
		};
		B17FFB8624D461890028EC3C /* Resources */ = {
			isa = PBXResourcesBuildPhase;
			buildActionMask = 2147483647;
			files = (
			);
			runOnlyForDeploymentPostprocessing = 0;
		};
/* End PBXResourcesBuildPhase section */

/* Begin PBXSourcesBuildPhase section */
		B17FFB6B24D461870028EC3C /* Sources */ = {
			isa = PBXSourcesBuildPhase;
			buildActionMask = 2147483647;
			files = (
				B147E8DC24D6BC2600B83617 /* HeaderCollectionReusableView.swift in Sources */,
				B1FEBD4F24D999AF00ACD47A /* MainCoordinator.swift in Sources */,
				B15457DF24D5BF480047214B /* HeroCollectionViewCell.swift in Sources */,
				B17FFB7724D461870028EC3C /* ViewController.swift in Sources */,
				B1FEBD3C24D95C2E00ACD47A /* DialogTransitioningDelegate.swift in Sources */,
				B17FFBA024D46F570028EC3C /* Networking.swift in Sources */,
				B1FEBD4824D9975F00ACD47A /* Coordinator.swift in Sources */,
				B15457DA24D5B6450047214B /* HeroesResponse.swift in Sources */,
				B17FFBA224D470110028EC3C /* APIConstant.swift in Sources */,
				B15457E224D5C4120047214B /* Box.swift in Sources */,
				B17FFB7D24D461870028EC3C /* Dota_Heroes.xcdatamodeld in Sources */,
				B1FEBD3924D9532100ACD47A /* FilterRoleCollectionViewCell.swift in Sources */,
				B1C7343024D60D2E0043ECE8 /* ExtensionArray.swift in Sources */,
				B1FEBD5724D9A28100ACD47A /* ListHeroesCollectionViewCell.swift in Sources */,
				B147E8E624D6CDB500B83617 /* RolesCollectionViewCell.swift in Sources */,
				B1FEBD4D24D9985F00ACD47A /* Storyboarded.swift in Sources */,
				B17FFB7324D461870028EC3C /* AppDelegate.swift in Sources */,
				B1FEBD4524D986DC00ACD47A /* InformationDialog.swift in Sources */,
				B17FFB7524D461870028EC3C /* SceneDelegate.swift in Sources */,
				B1FEBD5124D99BD700ACD47A /* DetailsViewController.swift in Sources */,
				B15457D524D5AC180047214B /* ViewModel.swift in Sources */,
				B104E15C24D81E7900499213 /* StretchyHeaderViewFlowLayout.swift in Sources */,
			);
			runOnlyForDeploymentPostprocessing = 0;
		};
		B17FFB8424D461890028EC3C /* Sources */ = {
			isa = PBXSourcesBuildPhase;
			buildActionMask = 2147483647;
			files = (
				B17FFB8D24D461890028EC3C /* Dota_HeroesTests.swift in Sources */,
			);
			runOnlyForDeploymentPostprocessing = 0;
		};
/* End PBXSourcesBuildPhase section */

/* Begin PBXTargetDependency section */
		B17FFB8A24D461890028EC3C /* PBXTargetDependency */ = {
			isa = PBXTargetDependency;
			target = B17FFB6E24D461870028EC3C /* Dota Heroes */;
			targetProxy = B17FFB8924D461890028EC3C /* PBXContainerItemProxy */;
		};
/* End PBXTargetDependency section */

/* Begin PBXVariantGroup section */
		B17FFB7824D461870028EC3C /* Main.storyboard */ = {
			isa = PBXVariantGroup;
			children = (
				B17FFB7924D461870028EC3C /* Base */,
			);
			name = Main.storyboard;
			sourceTree = "<group>";
		};
		B17FFB8024D461890028EC3C /* LaunchScreen.storyboard */ = {
			isa = PBXVariantGroup;
			children = (
				B17FFB8124D461890028EC3C /* Base */,
			);
			name = LaunchScreen.storyboard;
			sourceTree = "<group>";
		};
/* End PBXVariantGroup section */

/* Begin XCBuildConfiguration section */
		B17FFB8F24D461890028EC3C /* Debug */ = {
			isa = XCBuildConfiguration;
			buildSettings = {
				ALWAYS_SEARCH_USER_PATHS = NO;
				CLANG_ANALYZER_NONNULL = YES;
				CLANG_ANALYZER_NUMBER_OBJECT_CONVERSION = YES_AGGRESSIVE;
				CLANG_CXX_LANGUAGE_STANDARD = "gnu++14";
				CLANG_CXX_LIBRARY = "libc++";
				CLANG_ENABLE_MODULES = YES;
				CLANG_ENABLE_OBJC_ARC = YES;
				CLANG_ENABLE_OBJC_WEAK = YES;
				CLANG_WARN_BLOCK_CAPTURE_AUTORELEASING = YES;
				CLANG_WARN_BOOL_CONVERSION = YES;
				CLANG_WARN_COMMA = YES;
				CLANG_WARN_CONSTANT_CONVERSION = YES;
				CLANG_WARN_DEPRECATED_OBJC_IMPLEMENTATIONS = YES;
				CLANG_WARN_DIRECT_OBJC_ISA_USAGE = YES_ERROR;
				CLANG_WARN_DOCUMENTATION_COMMENTS = YES;
				CLANG_WARN_EMPTY_BODY = YES;
				CLANG_WARN_ENUM_CONVERSION = YES;
				CLANG_WARN_INFINITE_RECURSION = YES;
				CLANG_WARN_INT_CONVERSION = YES;
				CLANG_WARN_NON_LITERAL_NULL_CONVERSION = YES;
				CLANG_WARN_OBJC_IMPLICIT_RETAIN_SELF = YES;
				CLANG_WARN_OBJC_LITERAL_CONVERSION = YES;
				CLANG_WARN_OBJC_ROOT_CLASS = YES_ERROR;
				CLANG_WARN_RANGE_LOOP_ANALYSIS = YES;
				CLANG_WARN_STRICT_PROTOTYPES = YES;
				CLANG_WARN_SUSPICIOUS_MOVE = YES;
				CLANG_WARN_UNGUARDED_AVAILABILITY = YES_AGGRESSIVE;
				CLANG_WARN_UNREACHABLE_CODE = YES;
				CLANG_WARN__DUPLICATE_METHOD_MATCH = YES;
				COPY_PHASE_STRIP = NO;
				DEBUG_INFORMATION_FORMAT = dwarf;
				ENABLE_STRICT_OBJC_MSGSEND = YES;
				ENABLE_TESTABILITY = YES;
				GCC_C_LANGUAGE_STANDARD = gnu11;
				GCC_DYNAMIC_NO_PIC = NO;
				GCC_NO_COMMON_BLOCKS = YES;
				GCC_OPTIMIZATION_LEVEL = 0;
				GCC_PREPROCESSOR_DEFINITIONS = (
					"DEBUG=1",
					"$(inherited)",
				);
				GCC_WARN_64_TO_32_BIT_CONVERSION = YES;
				GCC_WARN_ABOUT_RETURN_TYPE = YES_ERROR;
				GCC_WARN_UNDECLARED_SELECTOR = YES;
				GCC_WARN_UNINITIALIZED_AUTOS = YES_AGGRESSIVE;
				GCC_WARN_UNUSED_FUNCTION = YES;
				GCC_WARN_UNUSED_VARIABLE = YES;
				IPHONEOS_DEPLOYMENT_TARGET = 13.6;
				MTL_ENABLE_DEBUG_INFO = INCLUDE_SOURCE;
				MTL_FAST_MATH = YES;
				ONLY_ACTIVE_ARCH = YES;
				SDKROOT = iphoneos;
				SWIFT_ACTIVE_COMPILATION_CONDITIONS = DEBUG;
				SWIFT_OPTIMIZATION_LEVEL = "-Onone";
			};
			name = Debug;
		};
		B17FFB9024D461890028EC3C /* Release */ = {
			isa = XCBuildConfiguration;
			buildSettings = {
				ALWAYS_SEARCH_USER_PATHS = NO;
				CLANG_ANALYZER_NONNULL = YES;
				CLANG_ANALYZER_NUMBER_OBJECT_CONVERSION = YES_AGGRESSIVE;
				CLANG_CXX_LANGUAGE_STANDARD = "gnu++14";
				CLANG_CXX_LIBRARY = "libc++";
				CLANG_ENABLE_MODULES = YES;
				CLANG_ENABLE_OBJC_ARC = YES;
				CLANG_ENABLE_OBJC_WEAK = YES;
				CLANG_WARN_BLOCK_CAPTURE_AUTORELEASING = YES;
				CLANG_WARN_BOOL_CONVERSION = YES;
				CLANG_WARN_COMMA = YES;
				CLANG_WARN_CONSTANT_CONVERSION = YES;
				CLANG_WARN_DEPRECATED_OBJC_IMPLEMENTATIONS = YES;
				CLANG_WARN_DIRECT_OBJC_ISA_USAGE = YES_ERROR;
				CLANG_WARN_DOCUMENTATION_COMMENTS = YES;
				CLANG_WARN_EMPTY_BODY = YES;
				CLANG_WARN_ENUM_CONVERSION = YES;
				CLANG_WARN_INFINITE_RECURSION = YES;
				CLANG_WARN_INT_CONVERSION = YES;
				CLANG_WARN_NON_LITERAL_NULL_CONVERSION = YES;
				CLANG_WARN_OBJC_IMPLICIT_RETAIN_SELF = YES;
				CLANG_WARN_OBJC_LITERAL_CONVERSION = YES;
				CLANG_WARN_OBJC_ROOT_CLASS = YES_ERROR;
				CLANG_WARN_RANGE_LOOP_ANALYSIS = YES;
				CLANG_WARN_STRICT_PROTOTYPES = YES;
				CLANG_WARN_SUSPICIOUS_MOVE = YES;
				CLANG_WARN_UNGUARDED_AVAILABILITY = YES_AGGRESSIVE;
				CLANG_WARN_UNREACHABLE_CODE = YES;
				CLANG_WARN__DUPLICATE_METHOD_MATCH = YES;
				COPY_PHASE_STRIP = NO;
				DEBUG_INFORMATION_FORMAT = "dwarf-with-dsym";
				ENABLE_NS_ASSERTIONS = NO;
				ENABLE_STRICT_OBJC_MSGSEND = YES;
				GCC_C_LANGUAGE_STANDARD = gnu11;
				GCC_NO_COMMON_BLOCKS = YES;
				GCC_WARN_64_TO_32_BIT_CONVERSION = YES;
				GCC_WARN_ABOUT_RETURN_TYPE = YES_ERROR;
				GCC_WARN_UNDECLARED_SELECTOR = YES;
				GCC_WARN_UNINITIALIZED_AUTOS = YES_AGGRESSIVE;
				GCC_WARN_UNUSED_FUNCTION = YES;
				GCC_WARN_UNUSED_VARIABLE = YES;
				IPHONEOS_DEPLOYMENT_TARGET = 13.6;
				MTL_ENABLE_DEBUG_INFO = NO;
				MTL_FAST_MATH = YES;
				SDKROOT = iphoneos;
				SWIFT_COMPILATION_MODE = wholemodule;
				SWIFT_OPTIMIZATION_LEVEL = "-O";
				VALIDATE_PRODUCT = YES;
			};
			name = Release;
		};
		B17FFB9224D461890028EC3C /* Debug */ = {
			isa = XCBuildConfiguration;
			buildSettings = {
				ASSETCATALOG_COMPILER_APPICON_NAME = AppIcon;
				CODE_SIGN_STYLE = Automatic;
				DEVELOPMENT_TEAM = J88N26J7K4;
				INFOPLIST_FILE = "Dota Heroes/Supporting Files/Info.plist";
				LD_RUNPATH_SEARCH_PATHS = (
					"$(inherited)",
					"@executable_path/Frameworks",
				);
				PRODUCT_BUNDLE_IDENTIFIER = "com.tiket.mobile.Dota-Heroes";
				PRODUCT_NAME = "$(TARGET_NAME)";
				SWIFT_VERSION = 5.0;
				TARGETED_DEVICE_FAMILY = 1;
			};
			name = Debug;
		};
		B17FFB9324D461890028EC3C /* Release */ = {
			isa = XCBuildConfiguration;
			buildSettings = {
				ASSETCATALOG_COMPILER_APPICON_NAME = AppIcon;
				CODE_SIGN_STYLE = Automatic;
				DEVELOPMENT_TEAM = J88N26J7K4;
				INFOPLIST_FILE = "Dota Heroes/Supporting Files/Info.plist";
				LD_RUNPATH_SEARCH_PATHS = (
					"$(inherited)",
					"@executable_path/Frameworks",
				);
				PRODUCT_BUNDLE_IDENTIFIER = "com.tiket.mobile.Dota-Heroes";
				PRODUCT_NAME = "$(TARGET_NAME)";
				SWIFT_VERSION = 5.0;
				TARGETED_DEVICE_FAMILY = 1;
			};
			name = Release;
		};
		B17FFB9524D461890028EC3C /* Debug */ = {
			isa = XCBuildConfiguration;
			buildSettings = {
				ALWAYS_EMBED_SWIFT_STANDARD_LIBRARIES = YES;
				BUNDLE_LOADER = "$(TEST_HOST)";
				CODE_SIGN_STYLE = Automatic;
				DEVELOPMENT_TEAM = J88N26J7K4;
				INFOPLIST_FILE = "Dota HeroesTests/Info.plist";
				IPHONEOS_DEPLOYMENT_TARGET = 13.6;
				LD_RUNPATH_SEARCH_PATHS = (
					"$(inherited)",
					"@executable_path/Frameworks",
					"@loader_path/Frameworks",
				);
				PRODUCT_BUNDLE_IDENTIFIER = "com.tiket.mobile.Dota-HeroesTests";
				PRODUCT_NAME = "$(TARGET_NAME)";
				SWIFT_VERSION = 5.0;
				TARGETED_DEVICE_FAMILY = "1,2";
				TEST_HOST = "$(BUILT_PRODUCTS_DIR)/Dota Heroes.app/Dota Heroes";
			};
			name = Debug;
		};
		B17FFB9624D461890028EC3C /* Release */ = {
			isa = XCBuildConfiguration;
			buildSettings = {
				ALWAYS_EMBED_SWIFT_STANDARD_LIBRARIES = YES;
				BUNDLE_LOADER = "$(TEST_HOST)";
				CODE_SIGN_STYLE = Automatic;
				DEVELOPMENT_TEAM = J88N26J7K4;
				INFOPLIST_FILE = "Dota HeroesTests/Info.plist";
				IPHONEOS_DEPLOYMENT_TARGET = 13.6;
				LD_RUNPATH_SEARCH_PATHS = (
					"$(inherited)",
					"@executable_path/Frameworks",
					"@loader_path/Frameworks",
				);
				PRODUCT_BUNDLE_IDENTIFIER = "com.tiket.mobile.Dota-HeroesTests";
				PRODUCT_NAME = "$(TARGET_NAME)";
				SWIFT_VERSION = 5.0;
				TARGETED_DEVICE_FAMILY = "1,2";
				TEST_HOST = "$(BUILT_PRODUCTS_DIR)/Dota Heroes.app/Dota Heroes";
			};
			name = Release;
		};
/* End XCBuildConfiguration section */

/* Begin XCConfigurationList section */
		B17FFB6A24D461870028EC3C /* Build configuration list for PBXProject "Dota Heroes" */ = {
			isa = XCConfigurationList;
			buildConfigurations = (
				B17FFB8F24D461890028EC3C /* Debug */,
				B17FFB9024D461890028EC3C /* Release */,
			);
			defaultConfigurationIsVisible = 0;
			defaultConfigurationName = Release;
		};
		B17FFB9124D461890028EC3C /* Build configuration list for PBXNativeTarget "Dota Heroes" */ = {
			isa = XCConfigurationList;
			buildConfigurations = (
				B17FFB9224D461890028EC3C /* Debug */,
				B17FFB9324D461890028EC3C /* Release */,
			);
			defaultConfigurationIsVisible = 0;
			defaultConfigurationName = Release;
		};
		B17FFB9424D461890028EC3C /* Build configuration list for PBXNativeTarget "Dota HeroesTests" */ = {
			isa = XCConfigurationList;
			buildConfigurations = (
				B17FFB9524D461890028EC3C /* Debug */,
				B17FFB9624D461890028EC3C /* Release */,
			);
			defaultConfigurationIsVisible = 0;
			defaultConfigurationName = Release;
		};
/* End XCConfigurationList section */

/* Begin XCRemoteSwiftPackageReference section */
		B17FFB9B24D46EB50028EC3C /* XCRemoteSwiftPackageReference "Reachability" */ = {
			isa = XCRemoteSwiftPackageReference;
			repositoryURL = "https://github.com/ashleymills/Reachability.swift";
			requirement = {
				kind = exactVersion;
				version = 5.0.0;
			};
		};
		B1C7342C24D6035F0043ECE8 /* XCRemoteSwiftPackageReference "Kingfisher" */ = {
			isa = XCRemoteSwiftPackageReference;
			repositoryURL = "https://github.com/onevcat/Kingfisher.git";
			requirement = {
				kind = upToNextMajorVersion;
				minimumVersion = 5.8.0;
			};
		};
/* End XCRemoteSwiftPackageReference section */

/* Begin XCSwiftPackageProductDependency section */
		B17FFB9C24D46EB50028EC3C /* Reachability */ = {
			isa = XCSwiftPackageProductDependency;
			package = B17FFB9B24D46EB50028EC3C /* XCRemoteSwiftPackageReference "Reachability" */;
			productName = Reachability;
		};
		B1C7342D24D6035F0043ECE8 /* Kingfisher */ = {
			isa = XCSwiftPackageProductDependency;
			package = B1C7342C24D6035F0043ECE8 /* XCRemoteSwiftPackageReference "Kingfisher" */;
			productName = Kingfisher;
		};
/* End XCSwiftPackageProductDependency section */

/* Begin XCVersionGroup section */
		B17FFB7B24D461870028EC3C /* Dota_Heroes.xcdatamodeld */ = {
			isa = XCVersionGroup;
			children = (
				B17FFB7C24D461870028EC3C /* Dota_Heroes.xcdatamodel */,
			);
			currentVersion = B17FFB7C24D461870028EC3C /* Dota_Heroes.xcdatamodel */;
			path = Dota_Heroes.xcdatamodeld;
			sourceTree = "<group>";
			versionGroupType = wrapper.xcdatamodel;
		};
/* End XCVersionGroup section */
	};
	rootObject = B17FFB6724D461870028EC3C /* Project object */;
}
