// !$*UTF8*$!
{
	archiveVersion = 1;
	classes = {
	};
	objectVersion = 53;
	objects = {

/* Begin PBXBuildFile section */
		B104E15C24D81E7900499213 /* StretchyHeaderViewFlowLayout.swift in Sources */ = {isa = PBXBuildFile; fileRef = B104E15B24D81E7900499213 /* StretchyHeaderViewFlowLayout.swift */; };
		B147E8DC24D6BC2600B83617 /* HeaderCollectionReusableView.swift in Sources */ = {isa = PBXBuildFile; fileRef = B147E8DA24D6BC2600B83617 /* HeaderCollectionReusableView.swift */; };
		B147E8DD24D6BC2600B83617 /* HeaderCollectionReusableView.xib in Resources */ = {isa = PBXBuildFile; fileRef = B147E8DB24D6BC2600B83617 /* HeaderCollectionReusableView.xib */; };
		B147E8E624D6CDB500B83617 /* RolesCell.swift in Sources */ = {isa = PBXBuildFile; fileRef = B147E8E424D6CDB500B83617 /* RolesCell.swift */; };
		B15457D524D5AC180047214B /* HeroesVM.swift in Sources */ = {isa = PBXBuildFile; fileRef = B15457D424D5AC180047214B /* HeroesVM.swift */; };
		B15457DA24D5B6450047214B /* HeroesResponse.swift in Sources */ = {isa = PBXBuildFile; fileRef = B15457D924D5B6450047214B /* HeroesResponse.swift */; };
		B15457DF24D5BF480047214B /* HeroCell.swift in Sources */ = {isa = PBXBuildFile; fileRef = B15457DD24D5BF480047214B /* HeroCell.swift */; };
		B15457E024D5BF480047214B /* HeroCell.xib in Resources */ = {isa = PBXBuildFile; fileRef = B15457DE24D5BF480047214B /* HeroCell.xib */; };
		B17FFB7324D461870028EC3C /* AppDelegate.swift in Sources */ = {isa = PBXBuildFile; fileRef = B17FFB7224D461870028EC3C /* AppDelegate.swift */; };
		B17FFB7524D461870028EC3C /* SceneDelegate.swift in Sources */ = {isa = PBXBuildFile; fileRef = B17FFB7424D461870028EC3C /* SceneDelegate.swift */; };
		B17FFB7724D461870028EC3C /* HeroesVC.swift in Sources */ = {isa = PBXBuildFile; fileRef = B17FFB7624D461870028EC3C /* HeroesVC.swift */; };
		B17FFB7D24D461870028EC3C /* Dota_Heroes.xcdatamodeld in Sources */ = {isa = PBXBuildFile; fileRef = B17FFB7B24D461870028EC3C /* Dota_Heroes.xcdatamodeld */; };
		B17FFB7F24D461890028EC3C /* Assets.xcassets in Resources */ = {isa = PBXBuildFile; fileRef = B17FFB7E24D461890028EC3C /* Assets.xcassets */; };
		B17FFB8224D461890028EC3C /* LaunchScreen.storyboard in Resources */ = {isa = PBXBuildFile; fileRef = B17FFB8024D461890028EC3C /* LaunchScreen.storyboard */; };
		B17FFB8D24D461890028EC3C /* Dota_HeroesTests.swift in Sources */ = {isa = PBXBuildFile; fileRef = B17FFB8C24D461890028EC3C /* Dota_HeroesTests.swift */; };
		B17FFBA024D46F570028EC3C /* Networking.swift in Sources */ = {isa = PBXBuildFile; fileRef = B17FFB9F24D46F570028EC3C /* Networking.swift */; };
		B17FFBA224D470110028EC3C /* APIConstant.swift in Sources */ = {isa = PBXBuildFile; fileRef = B17FFBA124D470110028EC3C /* APIConstant.swift */; };
		B17FFBA424D470D80028EC3C /* example_contract.json in Resources */ = {isa = PBXBuildFile; fileRef = B17FFBA324D470D80028EC3C /* example_contract.json */; };
		B1A1DF21272ABB1000A4AB5C /* Hyperconnectivity in Frameworks */ = {isa = PBXBuildFile; productRef = B1A1DF20272ABB1000A4AB5C /* Hyperconnectivity */; };
		B1A1DF66272BA81100A4AB5C /* MenuTableView.swift in Sources */ = {isa = PBXBuildFile; fileRef = B1A1DF39272BA81000A4AB5C /* MenuTableView.swift */; };
		B1A1DF67272BA81100A4AB5C /* ContentSizedTableView.swift in Sources */ = {isa = PBXBuildFile; fileRef = B1A1DF3A272BA81000A4AB5C /* ContentSizedTableView.swift */; };
		B1A1DF68272BA81100A4AB5C /* MenuTableView.xib in Resources */ = {isa = PBXBuildFile; fileRef = B1A1DF3B272BA81000A4AB5C /* MenuTableView.xib */; };
		B1A1DF69272BA81100A4AB5C /* RecordNotFoundView.swift in Sources */ = {isa = PBXBuildFile; fileRef = B1A1DF3D272BA81000A4AB5C /* RecordNotFoundView.swift */; };
		B1A1DF6A272BA81100A4AB5C /* RecordNotFoundView.xib in Resources */ = {isa = PBXBuildFile; fileRef = B1A1DF3E272BA81000A4AB5C /* RecordNotFoundView.xib */; };
		B1A1DF6F272BA81100A4AB5C /* SeparatorTableViewCell.xib in Resources */ = {isa = PBXBuildFile; fileRef = B1A1DF46272BA81000A4AB5C /* SeparatorTableViewCell.xib */; };
		B1A1DF70272BA81100A4AB5C /* SeparatorTableViewCell.swift in Sources */ = {isa = PBXBuildFile; fileRef = B1A1DF47272BA81100A4AB5C /* SeparatorTableViewCell.swift */; };
		B1A1DF73272BA81100A4AB5C /* AlertSheetView.xib in Resources */ = {isa = PBXBuildFile; fileRef = B1A1DF4C272BA81100A4AB5C /* AlertSheetView.xib */; };
		B1A1DF74272BA81100A4AB5C /* AlertSheetView.swift in Sources */ = {isa = PBXBuildFile; fileRef = B1A1DF4D272BA81100A4AB5C /* AlertSheetView.swift */; };
		B1A1DF97272BAA6800A4AB5C /* String+Utility.swift in Sources */ = {isa = PBXBuildFile; fileRef = B1A1DF83272BAA6700A4AB5C /* String+Utility.swift */; };
		B1A1DF98272BAA6800A4AB5C /* CoreNumeric.swift in Sources */ = {isa = PBXBuildFile; fileRef = B1A1DF84272BAA6700A4AB5C /* CoreNumeric.swift */; };
		B1A1DF99272BAA6800A4AB5C /* UIView+Toast.swift in Sources */ = {isa = PBXBuildFile; fileRef = B1A1DF86272BAA6700A4AB5C /* UIView+Toast.swift */; };
		B1A1DF9A272BAA6800A4AB5C /* UIButton+Utility.swift in Sources */ = {isa = PBXBuildFile; fileRef = B1A1DF87272BAA6700A4AB5C /* UIButton+Utility.swift */; };
		B1A1DF9B272BAA6800A4AB5C /* UIColor+Utility.swift in Sources */ = {isa = PBXBuildFile; fileRef = B1A1DF88272BAA6700A4AB5C /* UIColor+Utility.swift */; };
		B1A1DF9C272BAA6800A4AB5C /* UIScrollView+Utility.swift in Sources */ = {isa = PBXBuildFile; fileRef = B1A1DF89272BAA6700A4AB5C /* UIScrollView+Utility.swift */; };
		B1A1DF9D272BAA6800A4AB5C /* UITableViewCell+Utility.swift in Sources */ = {isa = PBXBuildFile; fileRef = B1A1DF8A272BAA6700A4AB5C /* UITableViewCell+Utility.swift */; };
		B1A1DF9E272BAA6800A4AB5C /* UINavigationController+Utility.swift in Sources */ = {isa = PBXBuildFile; fileRef = B1A1DF8B272BAA6700A4AB5C /* UINavigationController+Utility.swift */; };
		B1A1DF9F272BAA6800A4AB5C /* UIView+Utility.swift in Sources */ = {isa = PBXBuildFile; fileRef = B1A1DF8C272BAA6700A4AB5C /* UIView+Utility.swift */; };
		B1A1DFA0272BAA6800A4AB5C /* UITableView+Utility.swift in Sources */ = {isa = PBXBuildFile; fileRef = B1A1DF8D272BAA6700A4AB5C /* UITableView+Utility.swift */; };
		B1A1DFA1272BAA6800A4AB5C /* UIFont+Utility.swift in Sources */ = {isa = PBXBuildFile; fileRef = B1A1DF8E272BAA6700A4AB5C /* UIFont+Utility.swift */; };
		B1A1DFA2272BAA6800A4AB5C /* UIImage+Utility.swift in Sources */ = {isa = PBXBuildFile; fileRef = B1A1DF8F272BAA6700A4AB5C /* UIImage+Utility.swift */; };
		B1A1DFA3272BAA6800A4AB5C /* UICollectionView+Utility.swift in Sources */ = {isa = PBXBuildFile; fileRef = B1A1DF90272BAA6700A4AB5C /* UICollectionView+Utility.swift */; };
		B1A1DFA4272BAA6800A4AB5C /* UIWindow+Utility.swift in Sources */ = {isa = PBXBuildFile; fileRef = B1A1DF91272BAA6700A4AB5C /* UIWindow+Utility.swift */; };
		B1A1DFA5272BAA6800A4AB5C /* UILabel+Utility.swift in Sources */ = {isa = PBXBuildFile; fileRef = B1A1DF92272BAA6700A4AB5C /* UILabel+Utility.swift */; };
		B1A1DFA6272BAA6800A4AB5C /* UITextField+Utility.swift in Sources */ = {isa = PBXBuildFile; fileRef = B1A1DF93272BAA6700A4AB5C /* UITextField+Utility.swift */; };
		B1A1DFA7272BAA6800A4AB5C /* UIViewController+Utility.swift in Sources */ = {isa = PBXBuildFile; fileRef = B1A1DF94272BAA6700A4AB5C /* UIViewController+Utility.swift */; };
		B1A1DFA8272BAA6800A4AB5C /* Date+Utility.swift in Sources */ = {isa = PBXBuildFile; fileRef = B1A1DF96272BAA6800A4AB5C /* Date+Utility.swift */; };
		B1A1DFB0272BF68200A4AB5C /* Alamofire in Frameworks */ = {isa = PBXBuildFile; productRef = B1A1DFAF272BF68200A4AB5C /* Alamofire */; };
		B1C7342E24D6035F0043ECE8 /* Kingfisher in Frameworks */ = {isa = PBXBuildFile; productRef = B1C7342D24D6035F0043ECE8 /* Kingfisher */; };
		B1C7343024D60D2E0043ECE8 /* Array+Utility.swift in Sources */ = {isa = PBXBuildFile; fileRef = B1C7342F24D60D2E0043ECE8 /* Array+Utility.swift */; };
		B1FEBD3C24D95C2E00ACD47A /* DialogTransitioningDelegate.swift in Sources */ = {isa = PBXBuildFile; fileRef = B1FEBD3B24D95C2E00ACD47A /* DialogTransitioningDelegate.swift */; };
		B1FEBD4524D986DC00ACD47A /* InformationDialog.swift in Sources */ = {isa = PBXBuildFile; fileRef = B1FEBD4324D986DC00ACD47A /* InformationDialog.swift */; };
		B1FEBD4624D986DC00ACD47A /* InformationDialog.xib in Resources */ = {isa = PBXBuildFile; fileRef = B1FEBD4424D986DC00ACD47A /* InformationDialog.xib */; };
		E497D2322A03A2F8001A113F /* Repository.swift in Sources */ = {isa = PBXBuildFile; fileRef = E497D2312A03A2F8001A113F /* Repository.swift */; };
		E497D2382A03CC7E001A113F /* ListOfRolesCell.swift in Sources */ = {isa = PBXBuildFile; fileRef = E497D2372A03CC7E001A113F /* ListOfRolesCell.swift */; };
		E497D2392A03D20A001A113F /* ListOfHeroesCell.swift in Sources */ = {isa = PBXBuildFile; fileRef = B1FEBD5524D9A28100ACD47A /* ListOfHeroesCell.swift */; };
		E497D23A2A03D20A001A113F /* ListOfHeroesCell.xib in Resources */ = {isa = PBXBuildFile; fileRef = B1FEBD5624D9A28100ACD47A /* ListOfHeroesCell.xib */; };
		E497D23C2A052247001A113F /* HeroesRole.swift in Sources */ = {isa = PBXBuildFile; fileRef = E497D23B2A052247001A113F /* HeroesRole.swift */; };
		E4CF81B729FD6436007EA1D5 /* AppCoordinator.swift in Sources */ = {isa = PBXBuildFile; fileRef = E4CF81B629FD6436007EA1D5 /* AppCoordinator.swift */; };
		E4CF81B929FD6520007EA1D5 /* HeroesCoordinator.swift in Sources */ = {isa = PBXBuildFile; fileRef = E4CF81B829FD6520007EA1D5 /* HeroesCoordinator.swift */; };
		E4CF81C32A025E90007EA1D5 /* BaseViewController.swift in Sources */ = {isa = PBXBuildFile; fileRef = E4CF81C22A025E90007EA1D5 /* BaseViewController.swift */; };
		E4CF81CC2A02859D007EA1D5 /* NavigationKit in Frameworks */ = {isa = PBXBuildFile; productRef = E4CF81CB2A02859D007EA1D5 /* NavigationKit */; };
		E4CF81CE2A0285A2007EA1D5 /* HeroesDetail in Frameworks */ = {isa = PBXBuildFile; productRef = E4CF81CD2A0285A2007EA1D5 /* HeroesDetail */; };
/* End PBXBuildFile section */

/* Begin PBXContainerItemProxy section */
		B17FFB8924D461890028EC3C /* PBXContainerItemProxy */ = {
			isa = PBXContainerItemProxy;
			containerPortal = B17FFB6724D461870028EC3C /* Project object */;
			proxyType = 1;
			remoteGlobalIDString = B17FFB6E24D461870028EC3C;
			remoteInfo = "Dota Heroes";
		};
/* End PBXContainerItemProxy section */

/* Begin PBXFileReference section */
		B104E15B24D81E7900499213 /* StretchyHeaderViewFlowLayout.swift */ = {isa = PBXFileReference; lastKnownFileType = sourcecode.swift; path = StretchyHeaderViewFlowLayout.swift; sourceTree = "<group>"; };
		B147E8DA24D6BC2600B83617 /* HeaderCollectionReusableView.swift */ = {isa = PBXFileReference; lastKnownFileType = sourcecode.swift; path = HeaderCollectionReusableView.swift; sourceTree = "<group>"; };
		B147E8DB24D6BC2600B83617 /* HeaderCollectionReusableView.xib */ = {isa = PBXFileReference; lastKnownFileType = file.xib; path = HeaderCollectionReusableView.xib; sourceTree = "<group>"; };
		B147E8E424D6CDB500B83617 /* RolesCell.swift */ = {isa = PBXFileReference; lastKnownFileType = sourcecode.swift; path = RolesCell.swift; sourceTree = "<group>"; };
		B15457D424D5AC180047214B /* HeroesVM.swift */ = {isa = PBXFileReference; lastKnownFileType = sourcecode.swift; path = HeroesVM.swift; sourceTree = "<group>"; };
		B15457D924D5B6450047214B /* HeroesResponse.swift */ = {isa = PBXFileReference; lastKnownFileType = sourcecode.swift; path = HeroesResponse.swift; sourceTree = "<group>"; };
		B15457DD24D5BF480047214B /* HeroCell.swift */ = {isa = PBXFileReference; lastKnownFileType = sourcecode.swift; path = HeroCell.swift; sourceTree = "<group>"; };
		B15457DE24D5BF480047214B /* HeroCell.xib */ = {isa = PBXFileReference; lastKnownFileType = file.xib; path = HeroCell.xib; sourceTree = "<group>"; };
		B17FFB6F24D461870028EC3C /* Dota Heroes.app */ = {isa = PBXFileReference; explicitFileType = wrapper.application; includeInIndex = 0; path = "Dota Heroes.app"; sourceTree = BUILT_PRODUCTS_DIR; };
		B17FFB7224D461870028EC3C /* AppDelegate.swift */ = {isa = PBXFileReference; lastKnownFileType = sourcecode.swift; path = AppDelegate.swift; sourceTree = "<group>"; };
		B17FFB7424D461870028EC3C /* SceneDelegate.swift */ = {isa = PBXFileReference; lastKnownFileType = sourcecode.swift; path = SceneDelegate.swift; sourceTree = "<group>"; };
		B17FFB7624D461870028EC3C /* HeroesVC.swift */ = {isa = PBXFileReference; lastKnownFileType = sourcecode.swift; path = HeroesVC.swift; sourceTree = "<group>"; };
		B17FFB7C24D461870028EC3C /* Dota_Heroes.xcdatamodel */ = {isa = PBXFileReference; lastKnownFileType = wrapper.xcdatamodel; path = Dota_Heroes.xcdatamodel; sourceTree = "<group>"; };
		B17FFB7E24D461890028EC3C /* Assets.xcassets */ = {isa = PBXFileReference; lastKnownFileType = folder.assetcatalog; path = Assets.xcassets; sourceTree = "<group>"; };
		B17FFB8124D461890028EC3C /* Base */ = {isa = PBXFileReference; lastKnownFileType = file.storyboard; name = Base; path = Base.lproj/LaunchScreen.storyboard; sourceTree = "<group>"; };
		B17FFB8324D461890028EC3C /* Info.plist */ = {isa = PBXFileReference; lastKnownFileType = text.plist.xml; path = Info.plist; sourceTree = "<group>"; };
		B17FFB8824D461890028EC3C /* Dota HeroesTests.xctest */ = {isa = PBXFileReference; explicitFileType = wrapper.cfbundle; includeInIndex = 0; path = "Dota HeroesTests.xctest"; sourceTree = BUILT_PRODUCTS_DIR; };
		B17FFB8C24D461890028EC3C /* Dota_HeroesTests.swift */ = {isa = PBXFileReference; lastKnownFileType = sourcecode.swift; path = Dota_HeroesTests.swift; sourceTree = "<group>"; };
		B17FFB8E24D461890028EC3C /* Info.plist */ = {isa = PBXFileReference; lastKnownFileType = text.plist.xml; path = Info.plist; sourceTree = "<group>"; };
		B17FFB9F24D46F570028EC3C /* Networking.swift */ = {isa = PBXFileReference; lastKnownFileType = sourcecode.swift; path = Networking.swift; sourceTree = "<group>"; };
		B17FFBA124D470110028EC3C /* APIConstant.swift */ = {isa = PBXFileReference; lastKnownFileType = sourcecode.swift; path = APIConstant.swift; sourceTree = "<group>"; };
		B17FFBA324D470D80028EC3C /* example_contract.json */ = {isa = PBXFileReference; fileEncoding = 4; lastKnownFileType = text.json; path = example_contract.json; sourceTree = "<group>"; };
		B1A1DF39272BA81000A4AB5C /* MenuTableView.swift */ = {isa = PBXFileReference; fileEncoding = 4; lastKnownFileType = sourcecode.swift; path = MenuTableView.swift; sourceTree = "<group>"; };
		B1A1DF3A272BA81000A4AB5C /* ContentSizedTableView.swift */ = {isa = PBXFileReference; fileEncoding = 4; lastKnownFileType = sourcecode.swift; path = ContentSizedTableView.swift; sourceTree = "<group>"; };
		B1A1DF3B272BA81000A4AB5C /* MenuTableView.xib */ = {isa = PBXFileReference; fileEncoding = 4; lastKnownFileType = file.xib; path = MenuTableView.xib; sourceTree = "<group>"; };
		B1A1DF3D272BA81000A4AB5C /* RecordNotFoundView.swift */ = {isa = PBXFileReference; fileEncoding = 4; lastKnownFileType = sourcecode.swift; path = RecordNotFoundView.swift; sourceTree = "<group>"; };
		B1A1DF3E272BA81000A4AB5C /* RecordNotFoundView.xib */ = {isa = PBXFileReference; fileEncoding = 4; lastKnownFileType = file.xib; path = RecordNotFoundView.xib; sourceTree = "<group>"; };
		B1A1DF46272BA81000A4AB5C /* SeparatorTableViewCell.xib */ = {isa = PBXFileReference; fileEncoding = 4; lastKnownFileType = file.xib; path = SeparatorTableViewCell.xib; sourceTree = "<group>"; };
		B1A1DF47272BA81100A4AB5C /* SeparatorTableViewCell.swift */ = {isa = PBXFileReference; fileEncoding = 4; lastKnownFileType = sourcecode.swift; path = SeparatorTableViewCell.swift; sourceTree = "<group>"; };
		B1A1DF4C272BA81100A4AB5C /* AlertSheetView.xib */ = {isa = PBXFileReference; fileEncoding = 4; lastKnownFileType = file.xib; path = AlertSheetView.xib; sourceTree = "<group>"; };
		B1A1DF4D272BA81100A4AB5C /* AlertSheetView.swift */ = {isa = PBXFileReference; fileEncoding = 4; lastKnownFileType = sourcecode.swift; path = AlertSheetView.swift; sourceTree = "<group>"; };
		B1A1DF83272BAA6700A4AB5C /* String+Utility.swift */ = {isa = PBXFileReference; fileEncoding = 4; lastKnownFileType = sourcecode.swift; path = "String+Utility.swift"; sourceTree = "<group>"; };
		B1A1DF84272BAA6700A4AB5C /* CoreNumeric.swift */ = {isa = PBXFileReference; fileEncoding = 4; lastKnownFileType = sourcecode.swift; path = CoreNumeric.swift; sourceTree = "<group>"; };
		B1A1DF86272BAA6700A4AB5C /* UIView+Toast.swift */ = {isa = PBXFileReference; fileEncoding = 4; lastKnownFileType = sourcecode.swift; path = "UIView+Toast.swift"; sourceTree = "<group>"; };
		B1A1DF87272BAA6700A4AB5C /* UIButton+Utility.swift */ = {isa = PBXFileReference; fileEncoding = 4; lastKnownFileType = sourcecode.swift; path = "UIButton+Utility.swift"; sourceTree = "<group>"; };
		B1A1DF88272BAA6700A4AB5C /* UIColor+Utility.swift */ = {isa = PBXFileReference; fileEncoding = 4; lastKnownFileType = sourcecode.swift; path = "UIColor+Utility.swift"; sourceTree = "<group>"; };
		B1A1DF89272BAA6700A4AB5C /* UIScrollView+Utility.swift */ = {isa = PBXFileReference; fileEncoding = 4; lastKnownFileType = sourcecode.swift; path = "UIScrollView+Utility.swift"; sourceTree = "<group>"; };
		B1A1DF8A272BAA6700A4AB5C /* UITableViewCell+Utility.swift */ = {isa = PBXFileReference; fileEncoding = 4; lastKnownFileType = sourcecode.swift; path = "UITableViewCell+Utility.swift"; sourceTree = "<group>"; };
		B1A1DF8B272BAA6700A4AB5C /* UINavigationController+Utility.swift */ = {isa = PBXFileReference; fileEncoding = 4; lastKnownFileType = sourcecode.swift; path = "UINavigationController+Utility.swift"; sourceTree = "<group>"; };
		B1A1DF8C272BAA6700A4AB5C /* UIView+Utility.swift */ = {isa = PBXFileReference; fileEncoding = 4; lastKnownFileType = sourcecode.swift; path = "UIView+Utility.swift"; sourceTree = "<group>"; };
		B1A1DF8D272BAA6700A4AB5C /* UITableView+Utility.swift */ = {isa = PBXFileReference; fileEncoding = 4; lastKnownFileType = sourcecode.swift; path = "UITableView+Utility.swift"; sourceTree = "<group>"; };
		B1A1DF8E272BAA6700A4AB5C /* UIFont+Utility.swift */ = {isa = PBXFileReference; fileEncoding = 4; lastKnownFileType = sourcecode.swift; path = "UIFont+Utility.swift"; sourceTree = "<group>"; };
		B1A1DF8F272BAA6700A4AB5C /* UIImage+Utility.swift */ = {isa = PBXFileReference; fileEncoding = 4; lastKnownFileType = sourcecode.swift; path = "UIImage+Utility.swift"; sourceTree = "<group>"; };
		B1A1DF90272BAA6700A4AB5C /* UICollectionView+Utility.swift */ = {isa = PBXFileReference; fileEncoding = 4; lastKnownFileType = sourcecode.swift; path = "UICollectionView+Utility.swift"; sourceTree = "<group>"; };
		B1A1DF91272BAA6700A4AB5C /* UIWindow+Utility.swift */ = {isa = PBXFileReference; fileEncoding = 4; lastKnownFileType = sourcecode.swift; path = "UIWindow+Utility.swift"; sourceTree = "<group>"; };
		B1A1DF92272BAA6700A4AB5C /* UILabel+Utility.swift */ = {isa = PBXFileReference; fileEncoding = 4; lastKnownFileType = sourcecode.swift; path = "UILabel+Utility.swift"; sourceTree = "<group>"; };
		B1A1DF93272BAA6700A4AB5C /* UITextField+Utility.swift */ = {isa = PBXFileReference; fileEncoding = 4; lastKnownFileType = sourcecode.swift; path = "UITextField+Utility.swift"; sourceTree = "<group>"; };
		B1A1DF94272BAA6700A4AB5C /* UIViewController+Utility.swift */ = {isa = PBXFileReference; fileEncoding = 4; lastKnownFileType = sourcecode.swift; path = "UIViewController+Utility.swift"; sourceTree = "<group>"; };
		B1A1DF96272BAA6800A4AB5C /* Date+Utility.swift */ = {isa = PBXFileReference; fileEncoding = 4; lastKnownFileType = sourcecode.swift; path = "Date+Utility.swift"; sourceTree = "<group>"; };
		B1C7342F24D60D2E0043ECE8 /* Array+Utility.swift */ = {isa = PBXFileReference; lastKnownFileType = sourcecode.swift; path = "Array+Utility.swift"; sourceTree = "<group>"; };
		B1FEBD3B24D95C2E00ACD47A /* DialogTransitioningDelegate.swift */ = {isa = PBXFileReference; lastKnownFileType = sourcecode.swift; path = DialogTransitioningDelegate.swift; sourceTree = "<group>"; };
		B1FEBD4324D986DC00ACD47A /* InformationDialog.swift */ = {isa = PBXFileReference; fileEncoding = 4; lastKnownFileType = sourcecode.swift; path = InformationDialog.swift; sourceTree = "<group>"; };
		B1FEBD4424D986DC00ACD47A /* InformationDialog.xib */ = {isa = PBXFileReference; fileEncoding = 4; lastKnownFileType = file.xib; path = InformationDialog.xib; sourceTree = "<group>"; };
		B1FEBD5524D9A28100ACD47A /* ListOfHeroesCell.swift */ = {isa = PBXFileReference; lastKnownFileType = sourcecode.swift; path = ListOfHeroesCell.swift; sourceTree = "<group>"; };
		B1FEBD5624D9A28100ACD47A /* ListOfHeroesCell.xib */ = {isa = PBXFileReference; lastKnownFileType = file.xib; path = ListOfHeroesCell.xib; sourceTree = "<group>"; };
		E497D2312A03A2F8001A113F /* Repository.swift */ = {isa = PBXFileReference; lastKnownFileType = sourcecode.swift; path = Repository.swift; sourceTree = "<group>"; };
		E497D2372A03CC7E001A113F /* ListOfRolesCell.swift */ = {isa = PBXFileReference; lastKnownFileType = sourcecode.swift; path = ListOfRolesCell.swift; sourceTree = "<group>"; };
		E497D23B2A052247001A113F /* HeroesRole.swift */ = {isa = PBXFileReference; lastKnownFileType = sourcecode.swift; path = HeroesRole.swift; sourceTree = "<group>"; };
		E4BA4B772A038BBC004501BB /* HeroesDetail */ = {isa = PBXFileReference; lastKnownFileType = text; path = HeroesDetail; sourceTree = SOURCE_ROOT; };
		E4CF81B629FD6436007EA1D5 /* AppCoordinator.swift */ = {isa = PBXFileReference; lastKnownFileType = sourcecode.swift; path = AppCoordinator.swift; sourceTree = "<group>"; };
		E4CF81B829FD6520007EA1D5 /* HeroesCoordinator.swift */ = {isa = PBXFileReference; lastKnownFileType = sourcecode.swift; path = HeroesCoordinator.swift; sourceTree = "<group>"; };
		E4CF81BA2A0134AF007EA1D5 /* NavigationKit */ = {isa = PBXFileReference; lastKnownFileType = text; path = NavigationKit; sourceTree = SOURCE_ROOT; };
		E4CF81C22A025E90007EA1D5 /* BaseViewController.swift */ = {isa = PBXFileReference; fileEncoding = 4; lastKnownFileType = sourcecode.swift; path = BaseViewController.swift; sourceTree = "<group>"; };
/* End PBXFileReference section */

/* Begin PBXFrameworksBuildPhase section */
		B17FFB6C24D461870028EC3C /* Frameworks */ = {
			isa = PBXFrameworksBuildPhase;
			buildActionMask = 2147483647;
			files = (
				B1A1DFB0272BF68200A4AB5C /* Alamofire in Frameworks */,
				E4CF81CC2A02859D007EA1D5 /* NavigationKit in Frameworks */,
				E4CF81CE2A0285A2007EA1D5 /* HeroesDetail in Frameworks */,
				B1C7342E24D6035F0043ECE8 /* Kingfisher in Frameworks */,
				B1A1DF21272ABB1000A4AB5C /* Hyperconnectivity in Frameworks */,
			);
			runOnlyForDeploymentPostprocessing = 0;
		};
		B17FFB8524D461890028EC3C /* Frameworks */ = {
			isa = PBXFrameworksBuildPhase;
			buildActionMask = 2147483647;
			files = (
			);
			runOnlyForDeploymentPostprocessing = 0;
		};
/* End PBXFrameworksBuildPhase section */

/* Begin PBXGroup section */
		B147E8DE24D6BC2D00B83617 /* Content */ = {
			isa = PBXGroup;
			children = (
				B1FEBD5924D9A83200ACD47A /* Hero */,
				B1FEBD5A24D9A83900ACD47A /* Roles */,
			);
			path = Content;
			sourceTree = "<group>";
		};
		B147E8DF24D6BC3400B83617 /* Header */ = {
			isa = PBXGroup;
			children = (
				B147E8DA24D6BC2600B83617 /* HeaderCollectionReusableView.swift */,
				B147E8DB24D6BC2600B83617 /* HeaderCollectionReusableView.xib */,
			);
			path = Header;
			sourceTree = "<group>";
		};
		B15457D624D5B5F60047214B /* Models */ = {
			isa = PBXGroup;
			children = (
				B15457D924D5B6450047214B /* HeroesResponse.swift */,
				E497D23B2A052247001A113F /* HeroesRole.swift */,
			);
			path = Models;
			sourceTree = "<group>";
		};
		B15457DC24D5BF2C0047214B /* Cell */ = {
			isa = PBXGroup;
			children = (
				B147E8DE24D6BC2D00B83617 /* Content */,
				B147E8DF24D6BC3400B83617 /* Header */,
			);
			path = Cell;
			sourceTree = "<group>";
		};
		B17FFB6624D461870028EC3C = {
			isa = PBXGroup;
			children = (
				B17FFB7124D461870028EC3C /* Dota Heroes */,
				B17FFB8B24D461890028EC3C /* Dota HeroesTests */,
				B17FFB7024D461870028EC3C /* Products */,
				E4CF81BB2A013592007EA1D5 /* Frameworks */,
			);
			sourceTree = "<group>";
		};
		B17FFB7024D461870028EC3C /* Products */ = {
			isa = PBXGroup;
			children = (
				B17FFB6F24D461870028EC3C /* Dota Heroes.app */,
				B17FFB8824D461890028EC3C /* Dota HeroesTests.xctest */,
			);
			name = Products;
			sourceTree = "<group>";
		};
		B17FFB7124D461870028EC3C /* Dota Heroes */ = {
			isa = PBXGroup;
			children = (
				E4BA4B772A038BBC004501BB /* HeroesDetail */,
				E4CF81BA2A0134AF007EA1D5 /* NavigationKit */,
				E4CF81B529FD641B007EA1D5 /* Application */,
				B15457D624D5B5F60047214B /* Models */,
				B17FFB9E24D46F470028EC3C /* Networking */,
				B17FFB9A24D46ACF0028EC3C /* Helpers */,
				B17FFB9924D46AB80028EC3C /* Modules */,
				B17FFB9824D46A710028EC3C /* Resources */,
				B17FFB9724D46A5C0028EC3C /* Supporting Files */,
			);
			path = "Dota Heroes";
			sourceTree = "<group>";
		};
		B17FFB8B24D461890028EC3C /* Dota HeroesTests */ = {
			isa = PBXGroup;
			children = (
				B17FFB8C24D461890028EC3C /* Dota_HeroesTests.swift */,
				B17FFB8E24D461890028EC3C /* Info.plist */,
			);
			path = "Dota HeroesTests";
			sourceTree = "<group>";
		};
		B17FFB9724D46A5C0028EC3C /* Supporting Files */ = {
			isa = PBXGroup;
			children = (
				B17FFB8324D461890028EC3C /* Info.plist */,
			);
			path = "Supporting Files";
			sourceTree = "<group>";
		};
		B17FFB9824D46A710028EC3C /* Resources */ = {
			isa = PBXGroup;
			children = (
				B17FFBA324D470D80028EC3C /* example_contract.json */,
				B17FFB7E24D461890028EC3C /* Assets.xcassets */,
				B17FFB8024D461890028EC3C /* LaunchScreen.storyboard */,
			);
			path = Resources;
			sourceTree = "<group>";
		};
		B17FFB9924D46AB80028EC3C /* Modules */ = {
			isa = PBXGroup;
			children = (
				B1A1DFA9272BD63700A4AB5C /* Heroes */,
			);
			path = Modules;
			sourceTree = "<group>";
		};
		B17FFB9A24D46ACF0028EC3C /* Helpers */ = {
			isa = PBXGroup;
			children = (
				E497D22F2A03A0DC001A113F /* Data */,
				E4CF81C22A025E90007EA1D5 /* BaseViewController.swift */,
				E4CF81C12A025884007EA1D5 /* Components */,
				B1FEBD4924D9976B00ACD47A /* Ext */,
			);
			path = Helpers;
			sourceTree = "<group>";
		};
		B17FFB9E24D46F470028EC3C /* Networking */ = {
			isa = PBXGroup;
			children = (
				B17FFB9F24D46F570028EC3C /* Networking.swift */,
				B17FFBA124D470110028EC3C /* APIConstant.swift */,
			);
			path = Networking;
			sourceTree = "<group>";
		};
		B1A1DF38272BA81000A4AB5C /* TableView */ = {
			isa = PBXGroup;
			children = (
				B1A1DF39272BA81000A4AB5C /* MenuTableView.swift */,
				B1A1DF3A272BA81000A4AB5C /* ContentSizedTableView.swift */,
				B1A1DF3B272BA81000A4AB5C /* MenuTableView.xib */,
			);
			path = TableView;
			sourceTree = "<group>";
		};
		B1A1DF3C272BA81000A4AB5C /* RecordsEmpty */ = {
			isa = PBXGroup;
			children = (
				B1A1DF3D272BA81000A4AB5C /* RecordNotFoundView.swift */,
				B1A1DF3E272BA81000A4AB5C /* RecordNotFoundView.xib */,
			);
			path = RecordsEmpty;
			sourceTree = "<group>";
		};
		B1A1DF45272BA81000A4AB5C /* SeparatorCell */ = {
			isa = PBXGroup;
			children = (
				B1A1DF46272BA81000A4AB5C /* SeparatorTableViewCell.xib */,
				B1A1DF47272BA81100A4AB5C /* SeparatorTableViewCell.swift */,
			);
			path = SeparatorCell;
			sourceTree = "<group>";
		};
		B1A1DF4B272BA81100A4AB5C /* AlertSheet */ = {
			isa = PBXGroup;
			children = (
				B1A1DF4C272BA81100A4AB5C /* AlertSheetView.xib */,
				B1A1DF4D272BA81100A4AB5C /* AlertSheetView.swift */,
			);
			path = AlertSheet;
			sourceTree = "<group>";
		};
		B1A1DF82272BAA6700A4AB5C /* Stdlib */ = {
			isa = PBXGroup;
			children = (
				B1A1DF83272BAA6700A4AB5C /* String+Utility.swift */,
				B1A1DF84272BAA6700A4AB5C /* CoreNumeric.swift */,
				B1C7342F24D60D2E0043ECE8 /* Array+Utility.swift */,
			);
			path = Stdlib;
			sourceTree = "<group>";
		};
		B1A1DF85272BAA6700A4AB5C /* UIKit */ = {
			isa = PBXGroup;
			children = (
				B1A1DF86272BAA6700A4AB5C /* UIView+Toast.swift */,
				B1A1DF87272BAA6700A4AB5C /* UIButton+Utility.swift */,
				B1A1DF88272BAA6700A4AB5C /* UIColor+Utility.swift */,
				B1A1DF89272BAA6700A4AB5C /* UIScrollView+Utility.swift */,
				B1A1DF8A272BAA6700A4AB5C /* UITableViewCell+Utility.swift */,
				B1A1DF8B272BAA6700A4AB5C /* UINavigationController+Utility.swift */,
				B1A1DF8C272BAA6700A4AB5C /* UIView+Utility.swift */,
				B1A1DF8D272BAA6700A4AB5C /* UITableView+Utility.swift */,
				B1A1DF8E272BAA6700A4AB5C /* UIFont+Utility.swift */,
				B1A1DF8F272BAA6700A4AB5C /* UIImage+Utility.swift */,
				B1A1DF90272BAA6700A4AB5C /* UICollectionView+Utility.swift */,
				B1A1DF91272BAA6700A4AB5C /* UIWindow+Utility.swift */,
				B1A1DF92272BAA6700A4AB5C /* UILabel+Utility.swift */,
				B1A1DF93272BAA6700A4AB5C /* UITextField+Utility.swift */,
				B1A1DF94272BAA6700A4AB5C /* UIViewController+Utility.swift */,
			);
			path = UIKit;
			sourceTree = "<group>";
		};
		B1A1DF95272BAA6800A4AB5C /* Foundation */ = {
			isa = PBXGroup;
			children = (
				B1A1DF96272BAA6800A4AB5C /* Date+Utility.swift */,
			);
			path = Foundation;
			sourceTree = "<group>";
		};
		B1A1DFA9272BD63700A4AB5C /* Heroes */ = {
			isa = PBXGroup;
			children = (
				B15457DC24D5BF2C0047214B /* Cell */,
				B17FFB7624D461870028EC3C /* HeroesVC.swift */,
				B15457D424D5AC180047214B /* HeroesVM.swift */,
				E4CF81B829FD6520007EA1D5 /* HeroesCoordinator.swift */,
			);
			path = Heroes;
			sourceTree = "<group>";
		};
		B1FEBD4924D9976B00ACD47A /* Ext */ = {
			isa = PBXGroup;
			children = (
				B1A1DF95272BAA6800A4AB5C /* Foundation */,
				B1A1DF82272BAA6700A4AB5C /* Stdlib */,
				B1A1DF85272BAA6700A4AB5C /* UIKit */,
			);
			path = Ext;
			sourceTree = "<group>";
		};
		B1FEBD5924D9A83200ACD47A /* Hero */ = {
			isa = PBXGroup;
			children = (
				B1FEBD5524D9A28100ACD47A /* ListOfHeroesCell.swift */,
				B1FEBD5624D9A28100ACD47A /* ListOfHeroesCell.xib */,
				B15457DD24D5BF480047214B /* HeroCell.swift */,
				B15457DE24D5BF480047214B /* HeroCell.xib */,
			);
			path = Hero;
			sourceTree = "<group>";
		};
		B1FEBD5A24D9A83900ACD47A /* Roles */ = {
			isa = PBXGroup;
			children = (
				B147E8E424D6CDB500B83617 /* RolesCell.swift */,
				E497D2372A03CC7E001A113F /* ListOfRolesCell.swift */,
			);
			path = Roles;
			sourceTree = "<group>";
		};
		E497D22F2A03A0DC001A113F /* Data */ = {
			isa = PBXGroup;
			children = (
				B17FFB7B24D461870028EC3C /* Dota_Heroes.xcdatamodeld */,
				E497D2312A03A2F8001A113F /* Repository.swift */,
			);
			path = Data;
			sourceTree = "<group>";
		};
		E4CF81B529FD641B007EA1D5 /* Application */ = {
			isa = PBXGroup;
			children = (
				B17FFB7224D461870028EC3C /* AppDelegate.swift */,
				B17FFB7424D461870028EC3C /* SceneDelegate.swift */,
				E4CF81B629FD6436007EA1D5 /* AppCoordinator.swift */,
			);
			path = Application;
			sourceTree = "<group>";
		};
		E4CF81BB2A013592007EA1D5 /* Frameworks */ = {
			isa = PBXGroup;
			children = (
			);
			name = Frameworks;
			sourceTree = "<group>";
		};
		E4CF81C12A025884007EA1D5 /* Components */ = {
			isa = PBXGroup;
			children = (
				B104E15B24D81E7900499213 /* StretchyHeaderViewFlowLayout.swift */,
				B1FEBD3B24D95C2E00ACD47A /* DialogTransitioningDelegate.swift */,
				B1FEBD4324D986DC00ACD47A /* InformationDialog.swift */,
				B1FEBD4424D986DC00ACD47A /* InformationDialog.xib */,
				B1A1DF38272BA81000A4AB5C /* TableView */,
				B1A1DF3C272BA81000A4AB5C /* RecordsEmpty */,
				B1A1DF45272BA81000A4AB5C /* SeparatorCell */,
				B1A1DF4B272BA81100A4AB5C /* AlertSheet */,
			);
			path = Components;
			sourceTree = "<group>";
		};
/* End PBXGroup section */

/* Begin PBXNativeTarget section */
		B17FFB6E24D461870028EC3C /* Dota Heroes */ = {
			isa = PBXNativeTarget;
			buildConfigurationList = B17FFB9124D461890028EC3C /* Build configuration list for PBXNativeTarget "Dota Heroes" */;
			buildPhases = (
				B17FFB6B24D461870028EC3C /* Sources */,
				B17FFB6C24D461870028EC3C /* Frameworks */,
				B17FFB6D24D461870028EC3C /* Resources */,
			);
			buildRules = (
			);
			dependencies = (
			);
			name = "Dota Heroes";
			packageProductDependencies = (
				B1C7342D24D6035F0043ECE8 /* Kingfisher */,
				B1A1DF20272ABB1000A4AB5C /* Hyperconnectivity */,
				B1A1DFAF272BF68200A4AB5C /* Alamofire */,
				E4CF81CB2A02859D007EA1D5 /* NavigationKit */,
				E4CF81CD2A0285A2007EA1D5 /* HeroesDetail */,
			);
			productName = "Dota Heroes";
			productReference = B17FFB6F24D461870028EC3C /* Dota Heroes.app */;
			productType = "com.apple.product-type.application";
		};
		B17FFB8724D461890028EC3C /* Dota HeroesTests */ = {
			isa = PBXNativeTarget;
			buildConfigurationList = B17FFB9424D461890028EC3C /* Build configuration list for PBXNativeTarget "Dota HeroesTests" */;
			buildPhases = (
				B17FFB8424D461890028EC3C /* Sources */,
				B17FFB8524D461890028EC3C /* Frameworks */,
				B17FFB8624D461890028EC3C /* Resources */,
			);
			buildRules = (
			);
			dependencies = (
				B17FFB8A24D461890028EC3C /* PBXTargetDependency */,
			);
			name = "Dota HeroesTests";
			productName = "Dota HeroesTests";
			productReference = B17FFB8824D461890028EC3C /* Dota HeroesTests.xctest */;
			productType = "com.apple.product-type.bundle.unit-test";
		};
/* End PBXNativeTarget section */

/* Begin PBXProject section */
		B17FFB6724D461870028EC3C /* Project object */ = {
			isa = PBXProject;
			attributes = {
				BuildIndependentTargetsInParallel = YES;
				LastSwiftUpdateCheck = 1160;
				LastUpgradeCheck = 1430;
				ORGANIZATIONNAME = Tiket.com;
				TargetAttributes = {
					B17FFB6E24D461870028EC3C = {
						CreatedOnToolsVersion = 11.6;
					};
					B17FFB8724D461890028EC3C = {
						CreatedOnToolsVersion = 11.6;
						TestTargetID = B17FFB6E24D461870028EC3C;
					};
				};
			};
			buildConfigurationList = B17FFB6A24D461870028EC3C /* Build configuration list for PBXProject "Dota Heroes" */;
			compatibilityVersion = "Xcode 9.3";
			developmentRegion = en;
			hasScannedForEncodings = 0;
			knownRegions = (
				en,
				Base,
			);
			mainGroup = B17FFB6624D461870028EC3C;
			packageReferences = (
				B1C7342C24D6035F0043ECE8 /* XCRemoteSwiftPackageReference "Kingfisher" */,
				B1A1DF1F272ABB1000A4AB5C /* XCRemoteSwiftPackageReference "hyperconnectivity" */,
				B1A1DFAE272BF68100A4AB5C /* XCRemoteSwiftPackageReference "Alamofire" */,
			);
			productRefGroup = B17FFB7024D461870028EC3C /* Products */;
			projectDirPath = "";
			projectRoot = "";
			targets = (
				B17FFB6E24D461870028EC3C /* Dota Heroes */,
				B17FFB8724D461890028EC3C /* Dota HeroesTests */,
			);
		};
/* End PBXProject section */

/* Begin PBXResourcesBuildPhase section */
		B17FFB6D24D461870028EC3C /* Resources */ = {
			isa = PBXResourcesBuildPhase;
			buildActionMask = 2147483647;
			files = (
				B1FEBD4624D986DC00ACD47A /* InformationDialog.xib in Resources */,
				B17FFB8224D461890028EC3C /* LaunchScreen.storyboard in Resources */,
				B17FFBA424D470D80028EC3C /* example_contract.json in Resources */,
				B1A1DF6A272BA81100A4AB5C /* RecordNotFoundView.xib in Resources */,
				B1A1DF73272BA81100A4AB5C /* AlertSheetView.xib in Resources */,
				B1A1DF68272BA81100A4AB5C /* MenuTableView.xib in Resources */,
				B147E8DD24D6BC2600B83617 /* HeaderCollectionReusableView.xib in Resources */,
				B17FFB7F24D461890028EC3C /* Assets.xcassets in Resources */,
				E497D23A2A03D20A001A113F /* ListOfHeroesCell.xib in Resources */,
				B15457E024D5BF480047214B /* HeroCell.xib in Resources */,
				B1A1DF6F272BA81100A4AB5C /* SeparatorTableViewCell.xib in Resources */,
			);
			runOnlyForDeploymentPostprocessing = 0;
		};
		B17FFB8624D461890028EC3C /* Resources */ = {
			isa = PBXResourcesBuildPhase;
			buildActionMask = 2147483647;
			files = (
			);
			runOnlyForDeploymentPostprocessing = 0;
		};
/* End PBXResourcesBuildPhase section */

/* Begin PBXSourcesBuildPhase section */
		B17FFB6B24D461870028EC3C /* Sources */ = {
			isa = PBXSourcesBuildPhase;
			buildActionMask = 2147483647;
			files = (
				B1A1DFA2272BAA6800A4AB5C /* UIImage+Utility.swift in Sources */,
				B147E8DC24D6BC2600B83617 /* HeaderCollectionReusableView.swift in Sources */,
				B1A1DFA5272BAA6800A4AB5C /* UILabel+Utility.swift in Sources */,
				B1A1DF97272BAA6800A4AB5C /* String+Utility.swift in Sources */,
				B1A1DF67272BA81100A4AB5C /* ContentSizedTableView.swift in Sources */,
				E497D2382A03CC7E001A113F /* ListOfRolesCell.swift in Sources */,
				B15457DF24D5BF480047214B /* HeroCell.swift in Sources */,
				B1A1DF9E272BAA6800A4AB5C /* UINavigationController+Utility.swift in Sources */,
				B1A1DFA3272BAA6800A4AB5C /* UICollectionView+Utility.swift in Sources */,
				B1A1DF69272BA81100A4AB5C /* RecordNotFoundView.swift in Sources */,
				B17FFB7724D461870028EC3C /* HeroesVC.swift in Sources */,
				B1A1DF98272BAA6800A4AB5C /* CoreNumeric.swift in Sources */,
				E497D2392A03D20A001A113F /* ListOfHeroesCell.swift in Sources */,
				B1A1DF74272BA81100A4AB5C /* AlertSheetView.swift in Sources */,
				B1A1DF9C272BAA6800A4AB5C /* UIScrollView+Utility.swift in Sources */,
				E4CF81C32A025E90007EA1D5 /* BaseViewController.swift in Sources */,
				B1A1DF9D272BAA6800A4AB5C /* UITableViewCell+Utility.swift in Sources */,
				E4CF81B729FD6436007EA1D5 /* AppCoordinator.swift in Sources */,
				B1A1DFA8272BAA6800A4AB5C /* Date+Utility.swift in Sources */,
				B1A1DF9A272BAA6800A4AB5C /* UIButton+Utility.swift in Sources */,
				B1A1DF66272BA81100A4AB5C /* MenuTableView.swift in Sources */,
				B1A1DF99272BAA6800A4AB5C /* UIView+Toast.swift in Sources */,
				B1FEBD3C24D95C2E00ACD47A /* DialogTransitioningDelegate.swift in Sources */,
				E497D23C2A052247001A113F /* HeroesRole.swift in Sources */,
				B17FFBA024D46F570028EC3C /* Networking.swift in Sources */,
				B1A1DF9B272BAA6800A4AB5C /* UIColor+Utility.swift in Sources */,
				B15457DA24D5B6450047214B /* HeroesResponse.swift in Sources */,
				B1A1DFA7272BAA6800A4AB5C /* UIViewController+Utility.swift in Sources */,
				B17FFBA224D470110028EC3C /* APIConstant.swift in Sources */,
				B17FFB7D24D461870028EC3C /* Dota_Heroes.xcdatamodeld in Sources */,
				B1A1DF70272BA81100A4AB5C /* SeparatorTableViewCell.swift in Sources */,
				B1C7343024D60D2E0043ECE8 /* Array+Utility.swift in Sources */,
				B1A1DFA4272BAA6800A4AB5C /* UIWindow+Utility.swift in Sources */,
				B1A1DFA1272BAA6800A4AB5C /* UIFont+Utility.swift in Sources */,
				E4CF81B929FD6520007EA1D5 /* HeroesCoordinator.swift in Sources */,
				B1A1DFA6272BAA6800A4AB5C /* UITextField+Utility.swift in Sources */,
				B147E8E624D6CDB500B83617 /* RolesCell.swift in Sources */,
				B17FFB7324D461870028EC3C /* AppDelegate.swift in Sources */,
				E497D2322A03A2F8001A113F /* Repository.swift in Sources */,
				B1FEBD4524D986DC00ACD47A /* InformationDialog.swift in Sources */,
				B1A1DFA0272BAA6800A4AB5C /* UITableView+Utility.swift in Sources */,
				B17FFB7524D461870028EC3C /* SceneDelegate.swift in Sources */,
				B1A1DF9F272BAA6800A4AB5C /* UIView+Utility.swift in Sources */,
				B15457D524D5AC180047214B /* HeroesVM.swift in Sources */,
				B104E15C24D81E7900499213 /* StretchyHeaderViewFlowLayout.swift in Sources */,
			);
			runOnlyForDeploymentPostprocessing = 0;
		};
		B17FFB8424D461890028EC3C /* Sources */ = {
			isa = PBXSourcesBuildPhase;
			buildActionMask = 2147483647;
			files = (
				B17FFB8D24D461890028EC3C /* Dota_HeroesTests.swift in Sources */,
			);
			runOnlyForDeploymentPostprocessing = 0;
		};
/* End PBXSourcesBuildPhase section */

/* Begin PBXTargetDependency section */
		B17FFB8A24D461890028EC3C /* PBXTargetDependency */ = {
			isa = PBXTargetDependency;
			target = B17FFB6E24D461870028EC3C /* Dota Heroes */;
			targetProxy = B17FFB8924D461890028EC3C /* PBXContainerItemProxy */;
		};
/* End PBXTargetDependency section */

/* Begin PBXVariantGroup section */
		B17FFB8024D461890028EC3C /* LaunchScreen.storyboard */ = {
			isa = PBXVariantGroup;
			children = (
				B17FFB8124D461890028EC3C /* Base */,
			);
			name = LaunchScreen.storyboard;
			sourceTree = "<group>";
		};
/* End PBXVariantGroup section */

/* Begin XCBuildConfiguration section */
		B17FFB8F24D461890028EC3C /* Debug */ = {
			isa = XCBuildConfiguration;
			buildSettings = {
				ALWAYS_SEARCH_USER_PATHS = NO;
				CLANG_ANALYZER_NONNULL = YES;
				CLANG_ANALYZER_NUMBER_OBJECT_CONVERSION = YES_AGGRESSIVE;
				CLANG_CXX_LANGUAGE_STANDARD = "gnu++14";
				CLANG_CXX_LIBRARY = "libc++";
				CLANG_ENABLE_MODULES = YES;
				CLANG_ENABLE_OBJC_ARC = YES;
				CLANG_ENABLE_OBJC_WEAK = YES;
				CLANG_WARN_BLOCK_CAPTURE_AUTORELEASING = YES;
				CLANG_WARN_BOOL_CONVERSION = YES;
				CLANG_WARN_COMMA = YES;
				CLANG_WARN_CONSTANT_CONVERSION = YES;
				CLANG_WARN_DEPRECATED_OBJC_IMPLEMENTATIONS = YES;
				CLANG_WARN_DIRECT_OBJC_ISA_USAGE = YES_ERROR;
				CLANG_WARN_DOCUMENTATION_COMMENTS = YES;
				CLANG_WARN_EMPTY_BODY = YES;
				CLANG_WARN_ENUM_CONVERSION = YES;
				CLANG_WARN_INFINITE_RECURSION = YES;
				CLANG_WARN_INT_CONVERSION = YES;
				CLANG_WARN_NON_LITERAL_NULL_CONVERSION = YES;
				CLANG_WARN_OBJC_IMPLICIT_RETAIN_SELF = YES;
				CLANG_WARN_OBJC_LITERAL_CONVERSION = YES;
				CLANG_WARN_OBJC_ROOT_CLASS = YES_ERROR;
				CLANG_WARN_QUOTED_INCLUDE_IN_FRAMEWORK_HEADER = YES;
				CLANG_WARN_RANGE_LOOP_ANALYSIS = YES;
				CLANG_WARN_STRICT_PROTOTYPES = YES;
				CLANG_WARN_SUSPICIOUS_MOVE = YES;
				CLANG_WARN_UNGUARDED_AVAILABILITY = YES_AGGRESSIVE;
				CLANG_WARN_UNREACHABLE_CODE = YES;
				CLANG_WARN__DUPLICATE_METHOD_MATCH = YES;
				COPY_PHASE_STRIP = NO;
				DEBUG_INFORMATION_FORMAT = dwarf;
				ENABLE_STRICT_OBJC_MSGSEND = YES;
				ENABLE_TESTABILITY = YES;
				GCC_C_LANGUAGE_STANDARD = gnu11;
				GCC_DYNAMIC_NO_PIC = NO;
				GCC_NO_COMMON_BLOCKS = YES;
				GCC_OPTIMIZATION_LEVEL = 0;
				GCC_PREPROCESSOR_DEFINITIONS = (
					"DEBUG=1",
					"$(inherited)",
				);
				GCC_WARN_64_TO_32_BIT_CONVERSION = YES;
				GCC_WARN_ABOUT_RETURN_TYPE = YES_ERROR;
				GCC_WARN_UNDECLARED_SELECTOR = YES;
				GCC_WARN_UNINITIALIZED_AUTOS = YES_AGGRESSIVE;
				GCC_WARN_UNUSED_FUNCTION = YES;
				GCC_WARN_UNUSED_VARIABLE = YES;
				IPHONEOS_DEPLOYMENT_TARGET = 13.6;
				MTL_ENABLE_DEBUG_INFO = INCLUDE_SOURCE;
				MTL_FAST_MATH = YES;
				ONLY_ACTIVE_ARCH = YES;
				SDKROOT = iphoneos;
				SWIFT_ACTIVE_COMPILATION_CONDITIONS = DEBUG;
				SWIFT_OPTIMIZATION_LEVEL = "-Onone";
				SWIFT_VERSION = 5.0;
			};
			name = Debug;
		};
		B17FFB9024D461890028EC3C /* Release */ = {
			isa = XCBuildConfiguration;
			buildSettings = {
				ALWAYS_SEARCH_USER_PATHS = NO;
				CLANG_ANALYZER_NONNULL = YES;
				CLANG_ANALYZER_NUMBER_OBJECT_CONVERSION = YES_AGGRESSIVE;
				CLANG_CXX_LANGUAGE_STANDARD = "gnu++14";
				CLANG_CXX_LIBRARY = "libc++";
				CLANG_ENABLE_MODULES = YES;
				CLANG_ENABLE_OBJC_ARC = YES;
				CLANG_ENABLE_OBJC_WEAK = YES;
				CLANG_WARN_BLOCK_CAPTURE_AUTORELEASING = YES;
				CLANG_WARN_BOOL_CONVERSION = YES;
				CLANG_WARN_COMMA = YES;
				CLANG_WARN_CONSTANT_CONVERSION = YES;
				CLANG_WARN_DEPRECATED_OBJC_IMPLEMENTATIONS = YES;
				CLANG_WARN_DIRECT_OBJC_ISA_USAGE = YES_ERROR;
				CLANG_WARN_DOCUMENTATION_COMMENTS = YES;
				CLANG_WARN_EMPTY_BODY = YES;
				CLANG_WARN_ENUM_CONVERSION = YES;
				CLANG_WARN_INFINITE_RECURSION = YES;
				CLANG_WARN_INT_CONVERSION = YES;
				CLANG_WARN_NON_LITERAL_NULL_CONVERSION = YES;
				CLANG_WARN_OBJC_IMPLICIT_RETAIN_SELF = YES;
				CLANG_WARN_OBJC_LITERAL_CONVERSION = YES;
				CLANG_WARN_OBJC_ROOT_CLASS = YES_ERROR;
				CLANG_WARN_QUOTED_INCLUDE_IN_FRAMEWORK_HEADER = YES;
				CLANG_WARN_RANGE_LOOP_ANALYSIS = YES;
				CLANG_WARN_STRICT_PROTOTYPES = YES;
				CLANG_WARN_SUSPICIOUS_MOVE = YES;
				CLANG_WARN_UNGUARDED_AVAILABILITY = YES_AGGRESSIVE;
				CLANG_WARN_UNREACHABLE_CODE = YES;
				CLANG_WARN__DUPLICATE_METHOD_MATCH = YES;
				COPY_PHASE_STRIP = NO;
				DEBUG_INFORMATION_FORMAT = "dwarf-with-dsym";
				ENABLE_NS_ASSERTIONS = NO;
				ENABLE_STRICT_OBJC_MSGSEND = YES;
				GCC_C_LANGUAGE_STANDARD = gnu11;
				GCC_NO_COMMON_BLOCKS = YES;
				GCC_WARN_64_TO_32_BIT_CONVERSION = YES;
				GCC_WARN_ABOUT_RETURN_TYPE = YES_ERROR;
				GCC_WARN_UNDECLARED_SELECTOR = YES;
				GCC_WARN_UNINITIALIZED_AUTOS = YES_AGGRESSIVE;
				GCC_WARN_UNUSED_FUNCTION = YES;
				GCC_WARN_UNUSED_VARIABLE = YES;
				IPHONEOS_DEPLOYMENT_TARGET = 13.6;
				MTL_ENABLE_DEBUG_INFO = NO;
				MTL_FAST_MATH = YES;
				SDKROOT = iphoneos;
				SWIFT_COMPILATION_MODE = wholemodule;
				SWIFT_OPTIMIZATION_LEVEL = "-O";
				SWIFT_VERSION = 5.0;
				VALIDATE_PRODUCT = YES;
			};
			name = Release;
		};
		B17FFB9224D461890028EC3C /* Debug */ = {
			isa = XCBuildConfiguration;
			buildSettings = {
				ASSETCATALOG_COMPILER_APPICON_NAME = AppIcon;
				CODE_SIGN_STYLE = Automatic;
				DEVELOPMENT_TEAM = J88N26J7K4;
				INFOPLIST_FILE = "Dota Heroes/Supporting Files/Info.plist";
				LD_RUNPATH_SEARCH_PATHS = (
					"$(inherited)",
					"@executable_path/Frameworks",
				);
				PRODUCT_BUNDLE_IDENTIFIER = "com.tiket.mobile.Dota-Heroes";
				PRODUCT_NAME = "$(TARGET_NAME)";
				SWIFT_VERSION = 5.0;
				TARGETED_DEVICE_FAMILY = 1;
			};
			name = Debug;
		};
		B17FFB9324D461890028EC3C /* Release */ = {
			isa = XCBuildConfiguration;
			buildSettings = {
				ASSETCATALOG_COMPILER_APPICON_NAME = AppIcon;
				CODE_SIGN_STYLE = Automatic;
				DEVELOPMENT_TEAM = J88N26J7K4;
				INFOPLIST_FILE = "Dota Heroes/Supporting Files/Info.plist";
				LD_RUNPATH_SEARCH_PATHS = (
					"$(inherited)",
					"@executable_path/Frameworks",
				);
				PRODUCT_BUNDLE_IDENTIFIER = "com.tiket.mobile.Dota-Heroes";
				PRODUCT_NAME = "$(TARGET_NAME)";
				SWIFT_VERSION = 5.0;
				TARGETED_DEVICE_FAMILY = 1;
			};
			name = Release;
		};
		B17FFB9524D461890028EC3C /* Debug */ = {
			isa = XCBuildConfiguration;
			buildSettings = {
				ALWAYS_EMBED_SWIFT_STANDARD_LIBRARIES = YES;
				BUNDLE_LOADER = "$(TEST_HOST)";
				CODE_SIGN_STYLE = Automatic;
				DEVELOPMENT_TEAM = J88N26J7K4;
				INFOPLIST_FILE = "Dota HeroesTests/Info.plist";
				IPHONEOS_DEPLOYMENT_TARGET = 13.6;
				LD_RUNPATH_SEARCH_PATHS = (
					"$(inherited)",
					"@executable_path/Frameworks",
					"@loader_path/Frameworks",
				);
				PRODUCT_BUNDLE_IDENTIFIER = "com.tiket.mobile.Dota-HeroesTests";
				PRODUCT_NAME = "$(TARGET_NAME)";
				SWIFT_VERSION = 5.0;
				TARGETED_DEVICE_FAMILY = "1,2";
				TEST_HOST = "$(BUILT_PRODUCTS_DIR)/Dota Heroes.app/Dota Heroes";
			};
			name = Debug;
		};
		B17FFB9624D461890028EC3C /* Release */ = {
			isa = XCBuildConfiguration;
			buildSettings = {
				ALWAYS_EMBED_SWIFT_STANDARD_LIBRARIES = YES;
				BUNDLE_LOADER = "$(TEST_HOST)";
				CODE_SIGN_STYLE = Automatic;
				DEVELOPMENT_TEAM = J88N26J7K4;
				INFOPLIST_FILE = "Dota HeroesTests/Info.plist";
				IPHONEOS_DEPLOYMENT_TARGET = 13.6;
				LD_RUNPATH_SEARCH_PATHS = (
					"$(inherited)",
					"@executable_path/Frameworks",
					"@loader_path/Frameworks",
				);
				PRODUCT_BUNDLE_IDENTIFIER = "com.tiket.mobile.Dota-HeroesTests";
				PRODUCT_NAME = "$(TARGET_NAME)";
				SWIFT_VERSION = 5.0;
				TARGETED_DEVICE_FAMILY = "1,2";
				TEST_HOST = "$(BUILT_PRODUCTS_DIR)/Dota Heroes.app/Dota Heroes";
			};
			name = Release;
		};
/* End XCBuildConfiguration section */

/* Begin XCConfigurationList section */
		B17FFB6A24D461870028EC3C /* Build configuration list for PBXProject "Dota Heroes" */ = {
			isa = XCConfigurationList;
			buildConfigurations = (
				B17FFB8F24D461890028EC3C /* Debug */,
				B17FFB9024D461890028EC3C /* Release */,
			);
			defaultConfigurationIsVisible = 0;
			defaultConfigurationName = Release;
		};
		B17FFB9124D461890028EC3C /* Build configuration list for PBXNativeTarget "Dota Heroes" */ = {
			isa = XCConfigurationList;
			buildConfigurations = (
				B17FFB9224D461890028EC3C /* Debug */,
				B17FFB9324D461890028EC3C /* Release */,
			);
			defaultConfigurationIsVisible = 0;
			defaultConfigurationName = Release;
		};
		B17FFB9424D461890028EC3C /* Build configuration list for PBXNativeTarget "Dota HeroesTests" */ = {
			isa = XCConfigurationList;
			buildConfigurations = (
				B17FFB9524D461890028EC3C /* Debug */,
				B17FFB9624D461890028EC3C /* Release */,
			);
			defaultConfigurationIsVisible = 0;
			defaultConfigurationName = Release;
		};
/* End XCConfigurationList section */

/* Begin XCRemoteSwiftPackageReference section */
		B1A1DF1F272ABB1000A4AB5C /* XCRemoteSwiftPackageReference "hyperconnectivity" */ = {
			isa = XCRemoteSwiftPackageReference;
			repositoryURL = "https://github.com/rwbutler/hyperconnectivity";
			requirement = {
				kind = upToNextMajorVersion;
				minimumVersion = 1.1.0;
			};
		};
		B1A1DFAE272BF68100A4AB5C /* XCRemoteSwiftPackageReference "Alamofire" */ = {
			isa = XCRemoteSwiftPackageReference;
			repositoryURL = "https://github.com/Alamofire/Alamofire.git";
			requirement = {
				kind = upToNextMajorVersion;
				minimumVersion = 5.4.4;
			};
		};
		B1C7342C24D6035F0043ECE8 /* XCRemoteSwiftPackageReference "Kingfisher" */ = {
			isa = XCRemoteSwiftPackageReference;
			repositoryURL = "https://github.com/onevcat/Kingfisher.git";
			requirement = {
				kind = upToNextMajorVersion;
				minimumVersion = 7.0.0;
			};
		};
/* End XCRemoteSwiftPackageReference section */

/* Begin XCSwiftPackageProductDependency section */
		B1A1DF20272ABB1000A4AB5C /* Hyperconnectivity */ = {
			isa = XCSwiftPackageProductDependency;
			package = B1A1DF1F272ABB1000A4AB5C /* XCRemoteSwiftPackageReference "hyperconnectivity" */;
			productName = Hyperconnectivity;
		};
		B1A1DFAF272BF68200A4AB5C /* Alamofire */ = {
			isa = XCSwiftPackageProductDependency;
			package = B1A1DFAE272BF68100A4AB5C /* XCRemoteSwiftPackageReference "Alamofire" */;
			productName = Alamofire;
		};
		B1C7342D24D6035F0043ECE8 /* Kingfisher */ = {
			isa = XCSwiftPackageProductDependency;
			package = B1C7342C24D6035F0043ECE8 /* XCRemoteSwiftPackageReference "Kingfisher" */;
			productName = Kingfisher;
		};
		E4CF81CB2A02859D007EA1D5 /* NavigationKit */ = {
			isa = XCSwiftPackageProductDependency;
			productName = NavigationKit;
		};
		E4CF81CD2A0285A2007EA1D5 /* HeroesDetail */ = {
			isa = XCSwiftPackageProductDependency;
			productName = HeroesDetail;
		};
/* End XCSwiftPackageProductDependency section */

/* Begin XCVersionGroup section */
		B17FFB7B24D461870028EC3C /* Dota_Heroes.xcdatamodeld */ = {
			isa = XCVersionGroup;
			children = (
				B17FFB7C24D461870028EC3C /* Dota_Heroes.xcdatamodel */,
			);
			currentVersion = B17FFB7C24D461870028EC3C /* Dota_Heroes.xcdatamodel */;
			path = Dota_Heroes.xcdatamodeld;
			sourceTree = "<group>";
			versionGroupType = wrapper.xcdatamodel;
		};
/* End XCVersionGroup section */
	};
	rootObject = B17FFB6724D461870028EC3C /* Project object */;
}
